
Microsoft Visual Studio Solution File, Format Version 12.00
# Visual Studio Version 17
Project("{8BC9CEB8-8B4A-11D0-8D11-00A0C91BC942}") = "ALL_BUILD", "ALL_BUILD.vcxproj", "{37DFBA04-B54B-3EAD-8A18-D6E1F8389D28}"
	ProjectSection(ProjectDependencies) = postProject
		{D410CD78-CF30-33F6-98BF-96B58C2D9E84} = {D410CD78-CF30-33F6-98BF-96B58C2D9E84}
		{82593A34-BE54-3E91-9D13-31ED1E637948} = {82593A34-BE54-3E91-9D13-31ED1E637948}
		{75095A9D-520D-3139-96DC-A15794D79DAC} = {75095A9D-520D-3139-96DC-A15794D79DAC}
		{6599476E-A42F-3167-9A83-410DE705D5CD} = {6599476E-A42F-3167-9A83-410DE705D5CD}
		{177CBDE7-8AB9-3AE5-AFC8-9552F1B7D526} = {177CBDE7-8AB9-3AE5-AFC8-9552F1B7D526}
		{C2D43D7F-B802-3F3B-A000-5BB4A7380617} = {C2D43D7F-B802-3F3B-A000-5BB4A7380617}
		{54CDED8F-1D95-30D4-A05C-623F279CF714} = {54CDED8F-1D95-30D4-A05C-623F279CF714}
		{0CD8E27F-D88B-3042-A126-BAA4E539955A} = {0CD8E27F-D88B-3042-A126-BAA4E539955A}
		{6941E6C6-5576-3F5A-AA1E-949FDF5F0D8C} = {6941E6C6-5576-3F5A-AA1E-949FDF5F0D8C}
		{F85CBD0D-627B-3418-BBE5-61AA47DD447A} = {F85CBD0D-627B-3418-BBE5-61AA47DD447A}
		{8561A1DB-CB13-33C3-A47D-22B7B368FF17} = {8561A1DB-CB13-33C3-A47D-22B7B368FF17}
		{54289A99-B9B7-356E-AF5A-E13CC42F6FEA} = {54289A99-B9B7-356E-AF5A-E13CC42F6FEA}
		{97FD46C6-0197-3FDE-982D-B1BAAA816A0C} = {97FD46C6-0197-3FDE-982D-B1BAAA816A0C}
		{1652733B-ABA5-360F-83A9-7DC462CC3030} = {1652733B-ABA5-360F-83A9-7DC462CC3030}
		{53D427E2-0401-3DE1-A557-B5D4247B4D2A} = {53D427E2-0401-3DE1-A557-B5D4247B4D2A}
		{B3840513-9A7D-3FF5-9644-BF555DD8818B} = {B3840513-9A7D-3FF5-9644-BF555DD8818B}
		{A69FED4A-444A-35B7-BEDD-DA242909406C} = {A69FED4A-444A-35B7-BEDD-DA242909406C}
		{B78B01ED-FEEC-340A-9211-DD8FF3BA4A2C} = {B78B01ED-FEEC-340A-9211-DD8FF3BA4A2C}
		{FE9205D7-4A60-3D63-A78D-AAE3C6DDECB3} = {FE9205D7-4A60-3D63-A78D-AAE3C6DDECB3}
		{0BEF279C-9980-39CC-A4EE-9AEB789AFD79} = {0BEF279C-9980-39CC-A4EE-9AEB789AFD79}
		{84765270-3183-331A-A9B7-D3536623512E} = {84765270-3183-331A-A9B7-D3536623512E}
		{539563AB-749A-3017-BA8B-3C3A37DDDEB3} = {539563AB-749A-3017-BA8B-3C3A37DDDEB3}
		{77DA1D71-8DF7-324D-9D56-210A51837A58} = {77DA1D71-8DF7-324D-9D56-210A51837A58}
		{B6B5B2E1-B90D-321B-B1B9-A30FED892D08} = {B6B5B2E1-B90D-321B-B1B9-A30FED892D08}
		{5FCDC855-12D6-39EB-A5E3-75E964816954} = {5FCDC855-12D6-39EB-A5E3-75E964816954}
		{51297A42-DD48-3DE6-936A-BC8848BD3F66} = {51297A42-DD48-3DE6-936A-BC8848BD3F66}
		{8C40B45F-B5EA-359F-9E52-15AF6B6B19F9} = {8C40B45F-B5EA-359F-9E52-15AF6B6B19F9}
		{EFBAD9E3-1349-3711-BA7B-707E032A4C8F} = {EFBAD9E3-1349-3711-BA7B-707E032A4C8F}
		{E6BD1681-C4A9-39CE-90E0-C94A75E25F47} = {E6BD1681-C4A9-39CE-90E0-C94A75E25F47}
		{748A58AE-61F7-3A51-9EA3-93E6D8EC07E0} = {748A58AE-61F7-3A51-9EA3-93E6D8EC07E0}
		{29D7F143-A2CC-3D2F-B74D-F6BD4C2A7470} = {29D7F143-A2CC-3D2F-B74D-F6BD4C2A7470}
		{51D5C9B8-1EA9-328D-B221-22B462FF8478} = {51D5C9B8-1EA9-328D-B221-22B462FF8478}
		{21787B56-0E83-3B6B-9107-072CDDB4BC05} = {21787B56-0E83-3B6B-9107-072CDDB4BC05}
		{8867F572-2450-3061-BC0F-7A2F846CEB2F} = {8867F572-2450-3061-BC0F-7A2F846CEB2F}
		{79EBC546-06F7-36BC-8432-2DF7A40EFCBD} = {79EBC546-06F7-36BC-8432-2DF7A40EFCBD}
		{06424B32-9D52-3774-8DC9-CC1019728BA5} = {06424B32-9D52-3774-8DC9-CC1019728BA5}
		{263C5C2C-AC55-30B7-86E7-33F7244BAE1B} = {263C5C2C-AC55-30B7-86E7-33F7244BAE1B}
		{AB6E5A77-0EF2-3F54-8A88-9D38C6130A7F} = {AB6E5A77-0EF2-3F54-8A88-9D38C6130A7F}
		{0DB3063F-9A61-3764-A96F-42DF6FCF9DFD} = {0DB3063F-9A61-3764-A96F-42DF6FCF9DFD}
		{514C7894-71B5-352E-B227-97AA2275AD6B} = {514C7894-71B5-352E-B227-97AA2275AD6B}
		{3F211CCA-CE59-355B-AB87-344297ACFFDB} = {3F211CCA-CE59-355B-AB87-344297ACFFDB}
		{64374691-4383-3380-B79F-67CB97059C0A} = {64374691-4383-3380-B79F-67CB97059C0A}
		{F2B87DB7-0A56-3EC6-8B06-B18C4E359FE8} = {F2B87DB7-0A56-3EC6-8B06-B18C4E359FE8}
		{452FC2C6-A939-3069-9F9F-9FA460BB7229} = {452FC2C6-A939-3069-9F9F-9FA460BB7229}
		{454FAEA3-EAA8-35F1-9DE4-B86D4404B53C} = {454FAEA3-EAA8-35F1-9DE4-B86D4404B53C}
		{39AA4899-2835-35E7-8DBB-5A441DE1A767} = {39AA4899-2835-35E7-8DBB-5A441DE1A767}
		{54D48366-3C18-32B7-A9BF-88112B82CCB7} = {54D48366-3C18-32B7-A9BF-88112B82CCB7}
		{3C8E8877-1BCE-313F-9C29-4E7739C0FB24} = {3C8E8877-1BCE-313F-9C29-4E7739C0FB24}
	EndProjectSection
EndProject
Project("{8BC9CEB8-8B4A-11D0-8D11-00A0C91BC942}") = "Continuous", "Continuous.vcxproj", "{D2F5A3E7-FFBC-37BA-96B1-8194A2829BE5}"
	ProjectSection(ProjectDependencies) = postProject
		{D410CD78-CF30-33F6-98BF-96B58C2D9E84} = {D410CD78-CF30-33F6-98BF-96B58C2D9E84}
	EndProjectSection
EndProject
Project("{8BC9CEB8-8B4A-11D0-8D11-00A0C91BC942}") = "Experimental", "Experimental.vcxproj", "{0642411D-2F6D-37C5-BF1A-35F32E46F475}"
	ProjectSection(ProjectDependencies) = postProject
		{D410CD78-CF30-33F6-98BF-96B58C2D9E84} = {D410CD78-CF30-33F6-98BF-96B58C2D9E84}
	EndProjectSection
EndProject
Project("{8BC9CEB8-8B4A-11D0-8D11-00A0C91BC942}") = "Nightly", "Nightly.vcxproj", "{CF0D2240-FD2E-3BB6-8885-7813960A7BB5}"
	ProjectSection(ProjectDependencies) = postProject
		{D410CD78-CF30-33F6-98BF-96B58C2D9E84} = {D410CD78-CF30-33F6-98BF-96B58C2D9E84}
	EndProjectSection
EndProject
Project("{8BC9CEB8-8B4A-11D0-8D11-00A0C91BC942}") = "NightlyMemoryCheck", "NightlyMemoryCheck.vcxproj", "{B88D6CD9-34AF-3343-B497-1E69ABCF0A26}"
	ProjectSection(ProjectDependencies) = postProject
		{D410CD78-CF30-33F6-98BF-96B58C2D9E84} = {D410CD78-CF30-33F6-98BF-96B58C2D9E84}
	EndProjectSection
EndProject
Project("{8BC9CEB8-8B4A-11D0-8D11-00A0C91BC942}") = "RUN_TESTS", "RUN_TESTS.vcxproj", "{F4C00A5E-042A-3DD9-AE47-F78B41DB03C0}"
	ProjectSection(ProjectDependencies) = postProject
		{D410CD78-CF30-33F6-98BF-96B58C2D9E84} = {D410CD78-CF30-33F6-98BF-96B58C2D9E84}
	EndProjectSection
EndProject
Project("{8BC9CEB8-8B4A-11D0-8D11-00A0C91BC942}") = "ZERO_CHECK", "ZERO_CHECK.vcxproj", "{D410CD78-CF30-33F6-98BF-96B58C2D9E84}"
	ProjectSection(ProjectDependencies) = postProject
	EndProjectSection
EndProject
Project("{8BC9CEB8-8B4A-11D0-8D11-00A0C91BC942}") = "hidapi_winapi", "third_party\hidapi\src\windows\hidapi_winapi.vcxproj", "{82593A34-BE54-3E91-9D13-31ED1E637948}"
	ProjectSection(ProjectDependencies) = postProject
		{D410CD78-CF30-33F6-98BF-96B58C2D9E84} = {D410CD78-CF30-33F6-98BF-96B58C2D9E84}
	EndProjectSection
EndProject
Project("{8BC9CEB8-8B4A-11D0-8D11-00A0C91BC942}") = "xreal-accelerometer-calibration-tests", "xreal-accelerometer-calibration-tests.vcxproj", "{75095A9D-520D-3139-96DC-A15794D79DAC}"
	ProjectSection(ProjectDependencies) = postProject
		{D410CD78-CF30-33F6-98BF-96B58C2D9E84} = {D410CD78-CF30-33F6-98BF-96B58C2D9E84}
		{82593A34-BE54-3E91-9D13-31ED1E637948} = {82593A34-BE54-3E91-9D13-31ED1E637948}
		{64374691-4383-3380-B79F-67CB97059C0A} = {64374691-4383-3380-B79F-67CB97059C0A}
	EndProjectSection
EndProject
Project("{8BC9CEB8-8B4A-11D0-8D11-00A0C91BC942}") = "xreal-calibration-analyzer", "xreal-calibration-analyzer.vcxproj", "{6599476E-A42F-3167-9A83-410DE705D5CD}"
	ProjectSection(ProjectDependencies) = postProject
		{D410CD78-CF30-33F6-98BF-96B58C2D9E84} = {D410CD78-CF30-33F6-98BF-96B58C2D9E84}
		{82593A34-BE54-3E91-9D13-31ED1E637948} = {82593A34-BE54-3E91-9D13-31ED1E637948}
		{64374691-4383-3380-B79F-67CB97059C0A} = {64374691-4383-3380-B79F-67CB97059C0A}
	EndProjectSection
EndProject
Project("{8BC9CEB8-8B4A-11D0-8D11-00A0C91BC942}") = "xreal-desktop-capture", "xreal-desktop-capture.vcxproj", "{177CBDE7-8AB9-3AE5-AFC8-9552F1B7D526}"
	ProjectSection(ProjectDependencies) = postProject
		{D410CD78-CF30-33F6-98BF-96B58C2D9E84} = {D410CD78-CF30-33F6-98BF-96B58C2D9E84}
		{06424B32-9D52-3774-8DC9-CC1019728BA5} = {06424B32-9D52-3774-8DC9-CC1019728BA5}
	EndProjectSection
EndProject
Project("{8BC9CEB8-8B4A-11D0-8D11-00A0C91BC942}") = "xreal-desktop-capture-tests", "xreal-desktop-capture-tests.vcxproj", "{C2D43D7F-B802-3F3B-A000-5BB4A7380617}"
	ProjectSection(ProjectDependencies) = postProject
		{D410CD78-CF30-33F6-98BF-96B58C2D9E84} = {D410CD78-CF30-33F6-98BF-96B58C2D9E84}
		{177CBDE7-8AB9-3AE5-AFC8-9552F1B7D526} = {177CBDE7-8AB9-3AE5-AFC8-9552F1B7D526}
		{06424B32-9D52-3774-8DC9-CC1019728BA5} = {06424B32-9D52-3774-8DC9-CC1019728BA5}
	EndProjectSection
EndProject
Project("{8BC9CEB8-8B4A-11D0-8D11-00A0C91BC942}") = "xreal-display-topology-tests", "xreal-display-topology-tests.vcxproj", "{54CDED8F-1D95-30D4-A05C-623F279CF714}"
	ProjectSection(ProjectDependencies) = postProject
		{D410CD78-CF30-33F6-98BF-96B58C2D9E84} = {D410CD78-CF30-33F6-98BF-96B58C2D9E84}
		{06424B32-9D52-3774-8DC9-CC1019728BA5} = {06424B32-9D52-3774-8DC9-CC1019728BA5}
	EndProjectSection
EndProject
Project("{8BC9CEB8-8B4A-11D0-8D11-00A0C91BC942}") = "xreal-graphics-d3d11", "xreal-graphics-d3d11.vcxproj", "{0CD8E27F-D88B-3042-A126-BAA4E539955A}"
	ProjectSection(ProjectDependencies) = postProject
		{D410CD78-CF30-33F6-98BF-96B58C2D9E84} = {D410CD78-CF30-33F6-98BF-96B58C2D9E84}
		{82593A34-BE54-3E91-9D13-31ED1E637948} = {82593A34-BE54-3E91-9D13-31ED1E637948}
		{177CBDE7-8AB9-3AE5-AFC8-9552F1B7D526} = {177CBDE7-8AB9-3AE5-AFC8-9552F1B7D526}
		{06424B32-9D52-3774-8DC9-CC1019728BA5} = {06424B32-9D52-3774-8DC9-CC1019728BA5}
		{0DB3063F-9A61-3764-A96F-42DF6FCF9DFD} = {0DB3063F-9A61-3764-A96F-42DF6FCF9DFD}
		{64374691-4383-3380-B79F-67CB97059C0A} = {64374691-4383-3380-B79F-67CB97059C0A}
	EndProjectSection
EndProject
Project("{8BC9CEB8-8B4A-11D0-8D11-00A0C91BC942}") = "xreal-gyro-recording-analyzer", "xreal-gyro-recording-analyzer.vcxproj", "{6941E6C6-5576-3F5A-AA1E-949FDF5F0D8C}"
	ProjectSection(ProjectDependencies) = postProject
		{D410CD78-CF30-33F6-98BF-96B58C2D9E84} = {D410CD78-CF30-33F6-98BF-96B58C2D9E84}
		{82593A34-BE54-3E91-9D13-31ED1E637948} = {82593A34-BE54-3E91-9D13-31ED1E637948}
		{8561A1DB-CB13-33C3-A47D-22B7B368FF17} = {8561A1DB-CB13-33C3-A47D-22B7B368FF17}
		{64374691-4383-3380-B79F-67CB97059C0A} = {64374691-4383-3380-B79F-67CB97059C0A}
	EndProjectSection
EndProject
Project("{8BC9CEB8-8B4A-11D0-8D11-00A0C91BC942}") = "xreal-gyro-recording-analyzer-options-tests", "xreal-gyro-recording-analyzer-options-tests.vcxproj", "{F85CBD0D-627B-3418-BBE5-61AA47DD447A}"
	ProjectSection(ProjectDependencies) = postProject
		{D410CD78-CF30-33F6-98BF-96B58C2D9E84} = {D410CD78-CF30-33F6-98BF-96B58C2D9E84}
		{82593A34-BE54-3E91-9D13-31ED1E637948} = {82593A34-BE54-3E91-9D13-31ED1E637948}
		{8561A1DB-CB13-33C3-A47D-22B7B368FF17} = {8561A1DB-CB13-33C3-A47D-22B7B368FF17}
		{64374691-4383-3380-B79F-67CB97059C0A} = {64374691-4383-3380-B79F-67CB97059C0A}
	EndProjectSection
EndProject
Project("{8BC9CEB8-8B4A-11D0-8D11-00A0C91BC942}") = "xreal-gyro-recording-analyzer-support", "xreal-gyro-recording-analyzer-support.vcxproj", "{8561A1DB-CB13-33C3-A47D-22B7B368FF17}"
	ProjectSection(ProjectDependencies) = postProject
		{D410CD78-CF30-33F6-98BF-96B58C2D9E84} = {D410CD78-CF30-33F6-98BF-96B58C2D9E84}
		{82593A34-BE54-3E91-9D13-31ED1E637948} = {82593A34-BE54-3E91-9D13-31ED1E637948}
		{64374691-4383-3380-B79F-67CB97059C0A} = {64374691-4383-3380-B79F-67CB97059C0A}
	EndProjectSection
EndProject
Project("{8BC9CEB8-8B4A-11D0-8D11-00A0C91BC942}") = "xreal-gyro-scale-calibration", "xreal-gyro-scale-calibration.vcxproj", "{54289A99-B9B7-356E-AF5A-E13CC42F6FEA}"
	ProjectSection(ProjectDependencies) = postProject
		{D410CD78-CF30-33F6-98BF-96B58C2D9E84} = {D410CD78-CF30-33F6-98BF-96B58C2D9E84}
		{82593A34-BE54-3E91-9D13-31ED1E637948} = {82593A34-BE54-3E91-9D13-31ED1E637948}
		{1652733B-ABA5-360F-83A9-7DC462CC3030} = {1652733B-ABA5-360F-83A9-7DC462CC3030}
		{64374691-4383-3380-B79F-67CB97059C0A} = {64374691-4383-3380-B79F-67CB97059C0A}
	EndProjectSection
EndProject
Project("{8BC9CEB8-8B4A-11D0-8D11-00A0C91BC942}") = "xreal-gyro-scale-calibration-options-tests", "xreal-gyro-scale-calibration-options-tests.vcxproj", "{97FD46C6-0197-3FDE-982D-B1BAAA816A0C}"
	ProjectSection(ProjectDependencies) = postProject
		{D410CD78-CF30-33F6-98BF-96B58C2D9E84} = {D410CD78-CF30-33F6-98BF-96B58C2D9E84}
		{82593A34-BE54-3E91-9D13-31ED1E637948} = {82593A34-BE54-3E91-9D13-31ED1E637948}
		{1652733B-ABA5-360F-83A9-7DC462CC3030} = {1652733B-ABA5-360F-83A9-7DC462CC3030}
		{64374691-4383-3380-B79F-67CB97059C0A} = {64374691-4383-3380-B79F-67CB97059C0A}
	EndProjectSection
EndProject
Project("{8BC9CEB8-8B4A-11D0-8D11-00A0C91BC942}") = "xreal-gyro-scale-calibration-support", "xreal-gyro-scale-calibration-support.vcxproj", "{1652733B-ABA5-360F-83A9-7DC462CC3030}"
	ProjectSection(ProjectDependencies) = postProject
		{D410CD78-CF30-33F6-98BF-96B58C2D9E84} = {D410CD78-CF30-33F6-98BF-96B58C2D9E84}
		{82593A34-BE54-3E91-9D13-31ED1E637948} = {82593A34-BE54-3E91-9D13-31ED1E637948}
		{64374691-4383-3380-B79F-67CB97059C0A} = {64374691-4383-3380-B79F-67CB97059C0A}
	EndProjectSection
EndProject
Project("{8BC9CEB8-8B4A-11D0-8D11-00A0C91BC942}") = "xreal-gyro-scale-profile", "xreal-gyro-scale-profile.vcxproj", "{53D427E2-0401-3DE1-A557-B5D4247B4D2A}"
	ProjectSection(ProjectDependencies) = postProject
		{D410CD78-CF30-33F6-98BF-96B58C2D9E84} = {D410CD78-CF30-33F6-98BF-96B58C2D9E84}
		{82593A34-BE54-3E91-9D13-31ED1E637948} = {82593A34-BE54-3E91-9D13-31ED1E637948}
		{64374691-4383-3380-B79F-67CB97059C0A} = {64374691-4383-3380-B79F-67CB97059C0A}
	EndProjectSection
EndProject
Project("{8BC9CEB8-8B4A-11D0-8D11-00A0C91BC942}") = "xreal-gyroscope-bias-calibration-tests", "xreal-gyroscope-bias-calibration-tests.vcxproj", "{B3840513-9A7D-3FF5-9644-BF555DD8818B}"
	ProjectSection(ProjectDependencies) = postProject
		{D410CD78-CF30-33F6-98BF-96B58C2D9E84} = {D410CD78-CF30-33F6-98BF-96B58C2D9E84}
		{82593A34-BE54-3E91-9D13-31ED1E637948} = {82593A34-BE54-3E91-9D13-31ED1E637948}
		{64374691-4383-3380-B79F-67CB97059C0A} = {64374691-4383-3380-B79F-67CB97059C0A}
	EndProjectSection
EndProject
Project("{8BC9CEB8-8B4A-11D0-8D11-00A0C91BC942}") = "xreal-gyroscope-offline-analysis-tests", "xreal-gyroscope-offline-analysis-tests.vcxproj", "{A69FED4A-444A-35B7-BEDD-DA242909406C}"
	ProjectSection(ProjectDependencies) = postProject
		{D410CD78-CF30-33F6-98BF-96B58C2D9E84} = {D410CD78-CF30-33F6-98BF-96B58C2D9E84}
		{82593A34-BE54-3E91-9D13-31ED1E637948} = {82593A34-BE54-3E91-9D13-31ED1E637948}
		{64374691-4383-3380-B79F-67CB97059C0A} = {64374691-4383-3380-B79F-67CB97059C0A}
	EndProjectSection
EndProject
Project("{8BC9CEB8-8B4A-11D0-8D11-00A0C91BC942}") = "xreal-gyroscope-orientation-tests", "xreal-gyroscope-orientation-tests.vcxproj", "{B78B01ED-FEEC-340A-9211-DD8FF3BA4A2C}"
	ProjectSection(ProjectDependencies) = postProject
		{D410CD78-CF30-33F6-98BF-96B58C2D9E84} = {D410CD78-CF30-33F6-98BF-96B58C2D9E84}
		{82593A34-BE54-3E91-9D13-31ED1E637948} = {82593A34-BE54-3E91-9D13-31ED1E637948}
		{64374691-4383-3380-B79F-67CB97059C0A} = {64374691-4383-3380-B79F-67CB97059C0A}
	EndProjectSection
EndProject
Project("{8BC9CEB8-8B4A-11D0-8D11-00A0C91BC942}") = "xreal-gyroscope-physical-units-tests", "xreal-gyroscope-physical-units-tests.vcxproj", "{FE9205D7-4A60-3D63-A78D-AAE3C6DDECB3}"
	ProjectSection(ProjectDependencies) = postProject
		{D410CD78-CF30-33F6-98BF-96B58C2D9E84} = {D410CD78-CF30-33F6-98BF-96B58C2D9E84}
		{82593A34-BE54-3E91-9D13-31ED1E637948} = {82593A34-BE54-3E91-9D13-31ED1E637948}
		{64374691-4383-3380-B79F-67CB97059C0A} = {64374691-4383-3380-B79F-67CB97059C0A}
	EndProjectSection
EndProject
Project("{8BC9CEB8-8B4A-11D0-8D11-00A0C91BC942}") = "xreal-gyroscope-recording-analysis-tests", "xreal-gyroscope-recording-analysis-tests.vcxproj", "{0BEF279C-9980-39CC-A4EE-9AEB789AFD79}"
	ProjectSection(ProjectDependencies) = postProject
		{D410CD78-CF30-33F6-98BF-96B58C2D9E84} = {D410CD78-CF30-33F6-98BF-96B58C2D9E84}
		{82593A34-BE54-3E91-9D13-31ED1E637948} = {82593A34-BE54-3E91-9D13-31ED1E637948}
		{64374691-4383-3380-B79F-67CB97059C0A} = {64374691-4383-3380-B79F-67CB97059C0A}
	EndProjectSection
EndProject
Project("{8BC9CEB8-8B4A-11D0-8D11-00A0C91BC942}") = "xreal-gyroscope-scale-calibration-tests", "xreal-gyroscope-scale-calibration-tests.vcxproj", "{84765270-3183-331A-A9B7-D3536623512E}"
	ProjectSection(ProjectDependencies) = postProject
		{D410CD78-CF30-33F6-98BF-96B58C2D9E84} = {D410CD78-CF30-33F6-98BF-96B58C2D9E84}
		{82593A34-BE54-3E91-9D13-31ED1E637948} = {82593A34-BE54-3E91-9D13-31ED1E637948}
		{64374691-4383-3380-B79F-67CB97059C0A} = {64374691-4383-3380-B79F-67CB97059C0A}
	EndProjectSection
EndProject
Project("{8BC9CEB8-8B4A-11D0-8D11-00A0C91BC942}") = "xreal-imu-calibration-tests", "xreal-imu-calibration-tests.vcxproj", "{539563AB-749A-3017-BA8B-3C3A37DDDEB3}"
	ProjectSection(ProjectDependencies) = postProject
		{D410CD78-CF30-33F6-98BF-96B58C2D9E84} = {D410CD78-CF30-33F6-98BF-96B58C2D9E84}
		{82593A34-BE54-3E91-9D13-31ED1E637948} = {82593A34-BE54-3E91-9D13-31ED1E637948}
		{64374691-4383-3380-B79F-67CB97059C0A} = {64374691-4383-3380-B79F-67CB97059C0A}
	EndProjectSection
EndProject
Project("{8BC9CEB8-8B4A-11D0-8D11-00A0C91BC942}") = "xreal-imu-diagnostic", "xreal-imu-diagnostic.vcxproj", "{77DA1D71-8DF7-324D-9D56-210A51837A58}"
	ProjectSection(ProjectDependencies) = postProject
		{D410CD78-CF30-33F6-98BF-96B58C2D9E84} = {D410CD78-CF30-33F6-98BF-96B58C2D9E84}
		{82593A34-BE54-3E91-9D13-31ED1E637948} = {82593A34-BE54-3E91-9D13-31ED1E637948}
		{5FCDC855-12D6-39EB-A5E3-75E964816954} = {5FCDC855-12D6-39EB-A5E3-75E964816954}
		{64374691-4383-3380-B79F-67CB97059C0A} = {64374691-4383-3380-B79F-67CB97059C0A}
	EndProjectSection
EndProject
Project("{8BC9CEB8-8B4A-11D0-8D11-00A0C91BC942}") = "xreal-imu-diagnostic-options-tests", "xreal-imu-diagnostic-options-tests.vcxproj", "{B6B5B2E1-B90D-321B-B1B9-A30FED892D08}"
	ProjectSection(ProjectDependencies) = postProject
		{D410CD78-CF30-33F6-98BF-96B58C2D9E84} = {D410CD78-CF30-33F6-98BF-96B58C2D9E84}
		{82593A34-BE54-3E91-9D13-31ED1E637948} = {82593A34-BE54-3E91-9D13-31ED1E637948}
		{5FCDC855-12D6-39EB-A5E3-75E964816954} = {5FCDC855-12D6-39EB-A5E3-75E964816954}
		{64374691-4383-3380-B79F-67CB97059C0A} = {64374691-4383-3380-B79F-67CB97059C0A}
	EndProjectSection
EndProject
Project("{8BC9CEB8-8B4A-11D0-8D11-00A0C91BC942}") = "xreal-imu-diagnostic-support", "xreal-imu-diagnostic-support.vcxproj", "{5FCDC855-12D6-39EB-A5E3-75E964816954}"
	ProjectSection(ProjectDependencies) = postProject
		{D410CD78-CF30-33F6-98BF-96B58C2D9E84} = {D410CD78-CF30-33F6-98BF-96B58C2D9E84}
		{82593A34-BE54-3E91-9D13-31ED1E637948} = {82593A34-BE54-3E91-9D13-31ED1E637948}
		{64374691-4383-3380-B79F-67CB97059C0A} = {64374691-4383-3380-B79F-67CB97059C0A}
	EndProjectSection
EndProject
Project("{8BC9CEB8-8B4A-11D0-8D11-00A0C91BC942}") = "xreal-imu-packet-decoder-tests", "xreal-imu-packet-decoder-tests.vcxproj", "{51297A42-DD48-3DE6-936A-BC8848BD3F66}"
	ProjectSection(ProjectDependencies) = postProject
		{D410CD78-CF30-33F6-98BF-96B58C2D9E84} = {D410CD78-CF30-33F6-98BF-96B58C2D9E84}
		{82593A34-BE54-3E91-9D13-31ED1E637948} = {82593A34-BE54-3E91-9D13-31ED1E637948}
		{64374691-4383-3380-B79F-67CB97059C0A} = {64374691-4383-3380-B79F-67CB97059C0A}
	EndProjectSection
EndProject
Project("{8BC9CEB8-8B4A-11D0-8D11-00A0C91BC942}") = "xreal-interface-probe", "xreal-interface-probe.vcxproj", "{8C40B45F-B5EA-359F-9E52-15AF6B6B19F9}"
	ProjectSection(ProjectDependencies) = postProject
		{D410CD78-CF30-33F6-98BF-96B58C2D9E84} = {D410CD78-CF30-33F6-98BF-96B58C2D9E84}
		{82593A34-BE54-3E91-9D13-31ED1E637948} = {82593A34-BE54-3E91-9D13-31ED1E637948}
		{EFBAD9E3-1349-3711-BA7B-707E032A4C8F} = {EFBAD9E3-1349-3711-BA7B-707E032A4C8F}
		{06424B32-9D52-3774-8DC9-CC1019728BA5} = {06424B32-9D52-3774-8DC9-CC1019728BA5}
		{64374691-4383-3380-B79F-67CB97059C0A} = {64374691-4383-3380-B79F-67CB97059C0A}
	EndProjectSection
EndProject
Project("{8BC9CEB8-8B4A-11D0-8D11-00A0C91BC942}") = "xreal-interface-probe-support", "xreal-interface-probe-support.vcxproj", "{EFBAD9E3-1349-3711-BA7B-707E032A4C8F}"
	ProjectSection(ProjectDependencies) = postProject
		{D410CD78-CF30-33F6-98BF-96B58C2D9E84} = {D410CD78-CF30-33F6-98BF-96B58C2D9E84}
	EndProjectSection
EndProject
Project("{8BC9CEB8-8B4A-11D0-8D11-00A0C91BC942}") = "xreal-interface-probe-tests", "xreal-interface-probe-tests.vcxproj", "{E6BD1681-C4A9-39CE-90E0-C94A75E25F47}"
	ProjectSection(ProjectDependencies) = postProject
		{D410CD78-CF30-33F6-98BF-96B58C2D9E84} = {D410CD78-CF30-33F6-98BF-96B58C2D9E84}
		{EFBAD9E3-1349-3711-BA7B-707E032A4C8F} = {EFBAD9E3-1349-3711-BA7B-707E032A4C8F}
	EndProjectSection
EndProject
Project("{8BC9CEB8-8B4A-11D0-8D11-00A0C91BC942}") = "xreal-multi-panel-tests", "xreal-multi-panel-tests.vcxproj", "{748A58AE-61F7-3A51-9EA3-93E6D8EC07E0}"
	ProjectSection(ProjectDependencies) = postProject
		{D410CD78-CF30-33F6-98BF-96B58C2D9E84} = {D410CD78-CF30-33F6-98BF-96B58C2D9E84}
		{82593A34-BE54-3E91-9D13-31ED1E637948} = {82593A34-BE54-3E91-9D13-31ED1E637948}
		{177CBDE7-8AB9-3AE5-AFC8-9552F1B7D526} = {177CBDE7-8AB9-3AE5-AFC8-9552F1B7D526}
		{06424B32-9D52-3774-8DC9-CC1019728BA5} = {06424B32-9D52-3774-8DC9-CC1019728BA5}
		{0DB3063F-9A61-3764-A96F-42DF6FCF9DFD} = {0DB3063F-9A61-3764-A96F-42DF6FCF9DFD}
		{64374691-4383-3380-B79F-67CB97059C0A} = {64374691-4383-3380-B79F-67CB97059C0A}
	EndProjectSection
EndProject
Project("{8BC9CEB8-8B4A-11D0-8D11-00A0C91BC942}") = "xreal-orientation-analyzer", "xreal-orientation-analyzer.vcxproj", "{29D7F143-A2CC-3D2F-B74D-F6BD4C2A7470}"
	ProjectSection(ProjectDependencies) = postProject
		{D410CD78-CF30-33F6-98BF-96B58C2D9E84} = {D410CD78-CF30-33F6-98BF-96B58C2D9E84}
		{82593A34-BE54-3E91-9D13-31ED1E637948} = {82593A34-BE54-3E91-9D13-31ED1E637948}
		{64374691-4383-3380-B79F-67CB97059C0A} = {64374691-4383-3380-B79F-67CB97059C0A}
	EndProjectSection
EndProject
Project("{8BC9CEB8-8B4A-11D0-8D11-00A0C91BC942}") = "xreal-orientation-comparison-tests", "xreal-orientation-comparison-tests.vcxproj", "{51D5C9B8-1EA9-328D-B221-22B462FF8478}"
	ProjectSection(ProjectDependencies) = postProject
		{D410CD78-CF30-33F6-98BF-96B58C2D9E84} = {D410CD78-CF30-33F6-98BF-96B58C2D9E84}
		{82593A34-BE54-3E91-9D13-31ED1E637948} = {82593A34-BE54-3E91-9D13-31ED1E637948}
		{64374691-4383-3380-B79F-67CB97059C0A} = {64374691-4383-3380-B79F-67CB97059C0A}
	EndProjectSection
EndProject
Project("{8BC9CEB8-8B4A-11D0-8D11-00A0C91BC942}") = "xreal-orientation-fusion-tests", "xreal-orientation-fusion-tests.vcxproj", "{21787B56-0E83-3B6B-9107-072CDDB4BC05}"
	ProjectSection(ProjectDependencies) = postProject
		{D410CD78-CF30-33F6-98BF-96B58C2D9E84} = {D410CD78-CF30-33F6-98BF-96B58C2D9E84}
		{82593A34-BE54-3E91-9D13-31ED1E637948} = {82593A34-BE54-3E91-9D13-31ED1E637948}
		{64374691-4383-3380-B79F-67CB97059C0A} = {64374691-4383-3380-B79F-67CB97059C0A}
	EndProjectSection
EndProject
Project("{8BC9CEB8-8B4A-11D0-8D11-00A0C91BC942}") = "xreal-orientation-prediction-analysis-tests", "xreal-orientation-prediction-analysis-tests.vcxproj", "{8867F572-2450-3061-BC0F-7A2F846CEB2F}"
	ProjectSection(ProjectDependencies) = postProject
		{D410CD78-CF30-33F6-98BF-96B58C2D9E84} = {D410CD78-CF30-33F6-98BF-96B58C2D9E84}
		{82593A34-BE54-3E91-9D13-31ED1E637948} = {82593A34-BE54-3E91-9D13-31ED1E637948}
		{64374691-4383-3380-B79F-67CB97059C0A} = {64374691-4383-3380-B79F-67CB97059C0A}
	EndProjectSection
EndProject
Project("{8BC9CEB8-8B4A-11D0-8D11-00A0C91BC942}") = "xreal-orientation-prediction-tests", "xreal-orientation-prediction-tests.vcxproj", "{79EBC546-06F7-36BC-8432-2DF7A40EFCBD}"
	ProjectSection(ProjectDependencies) = postProject
		{D410CD78-CF30-33F6-98BF-96B58C2D9E84} = {D410CD78-CF30-33F6-98BF-96B58C2D9E84}
		{82593A34-BE54-3E91-9D13-31ED1E637948} = {82593A34-BE54-3E91-9D13-31ED1E637948}
		{64374691-4383-3380-B79F-67CB97059C0A} = {64374691-4383-3380-B79F-67CB97059C0A}
	EndProjectSection
EndProject
Project("{8BC9CEB8-8B4A-11D0-8D11-00A0C91BC942}") = "xreal-platform-windows", "xreal-platform-windows.vcxproj", "{06424B32-9D52-3774-8DC9-CC1019728BA5}"
	ProjectSection(ProjectDependencies) = postProject
		{D410CD78-CF30-33F6-98BF-96B58C2D9E84} = {D410CD78-CF30-33F6-98BF-96B58C2D9E84}
	EndProjectSection
EndProject
Project("{8BC9CEB8-8B4A-11D0-8D11-00A0C91BC942}") = "xreal-render-diagnostics-tests", "xreal-render-diagnostics-tests.vcxproj", "{263C5C2C-AC55-30B7-86E7-33F7244BAE1B}"
	ProjectSection(ProjectDependencies) = postProject
		{D410CD78-CF30-33F6-98BF-96B58C2D9E84} = {D410CD78-CF30-33F6-98BF-96B58C2D9E84}
		{82593A34-BE54-3E91-9D13-31ED1E637948} = {82593A34-BE54-3E91-9D13-31ED1E637948}
		{177CBDE7-8AB9-3AE5-AFC8-9552F1B7D526} = {177CBDE7-8AB9-3AE5-AFC8-9552F1B7D526}
		{06424B32-9D52-3774-8DC9-CC1019728BA5} = {06424B32-9D52-3774-8DC9-CC1019728BA5}
		{0DB3063F-9A61-3764-A96F-42DF6FCF9DFD} = {0DB3063F-9A61-3764-A96F-42DF6FCF9DFD}
		{64374691-4383-3380-B79F-67CB97059C0A} = {64374691-4383-3380-B79F-67CB97059C0A}
	EndProjectSection
EndProject
Project("{8BC9CEB8-8B4A-11D0-8D11-00A0C91BC942}") = "xreal-renderer-options-tests", "xreal-renderer-options-tests.vcxproj", "{AB6E5A77-0EF2-3F54-8A88-9D38C6130A7F}"
	ProjectSection(ProjectDependencies) = postProject
		{D410CD78-CF30-33F6-98BF-96B58C2D9E84} = {D410CD78-CF30-33F6-98BF-96B58C2D9E84}
		{82593A34-BE54-3E91-9D13-31ED1E637948} = {82593A34-BE54-3E91-9D13-31ED1E637948}
		{177CBDE7-8AB9-3AE5-AFC8-9552F1B7D526} = {177CBDE7-8AB9-3AE5-AFC8-9552F1B7D526}
		{06424B32-9D52-3774-8DC9-CC1019728BA5} = {06424B32-9D52-3774-8DC9-CC1019728BA5}
		{0DB3063F-9A61-3764-A96F-42DF6FCF9DFD} = {0DB3063F-9A61-3764-A96F-42DF6FCF9DFD}
		{64374691-4383-3380-B79F-67CB97059C0A} = {64374691-4383-3380-B79F-67CB97059C0A}
	EndProjectSection
EndProject
Project("{8BC9CEB8-8B4A-11D0-8D11-00A0C91BC942}") = "xreal-rendering-core", "xreal-rendering-core.vcxproj", "{0DB3063F-9A61-3764-A96F-42DF6FCF9DFD}"
	ProjectSection(ProjectDependencies) = postProject
		{D410CD78-CF30-33F6-98BF-96B58C2D9E84} = {D410CD78-CF30-33F6-98BF-96B58C2D9E84}
		{82593A34-BE54-3E91-9D13-31ED1E637948} = {82593A34-BE54-3E91-9D13-31ED1E637948}
		{177CBDE7-8AB9-3AE5-AFC8-9552F1B7D526} = {177CBDE7-8AB9-3AE5-AFC8-9552F1B7D526}
		{06424B32-9D52-3774-8DC9-CC1019728BA5} = {06424B32-9D52-3774-8DC9-CC1019728BA5}
		{64374691-4383-3380-B79F-67CB97059C0A} = {64374691-4383-3380-B79F-67CB97059C0A}
	EndProjectSection
EndProject
Project("{8BC9CEB8-8B4A-11D0-8D11-00A0C91BC942}") = "xreal-rendering-math-tests", "xreal-rendering-math-tests.vcxproj", "{514C7894-71B5-352E-B227-97AA2275AD6B}"
	ProjectSection(ProjectDependencies) = postProject
		{D410CD78-CF30-33F6-98BF-96B58C2D9E84} = {D410CD78-CF30-33F6-98BF-96B58C2D9E84}
		{82593A34-BE54-3E91-9D13-31ED1E637948} = {82593A34-BE54-3E91-9D13-31ED1E637948}
		{177CBDE7-8AB9-3AE5-AFC8-9552F1B7D526} = {177CBDE7-8AB9-3AE5-AFC8-9552F1B7D526}
		{06424B32-9D52-3774-8DC9-CC1019728BA5} = {06424B32-9D52-3774-8DC9-CC1019728BA5}
		{0DB3063F-9A61-3764-A96F-42DF6FCF9DFD} = {0DB3063F-9A61-3764-A96F-42DF6FCF9DFD}
		{64374691-4383-3380-B79F-67CB97059C0A} = {64374691-4383-3380-B79F-67CB97059C0A}
	EndProjectSection
EndProject
Project("{8BC9CEB8-8B4A-11D0-8D11-00A0C91BC942}") = "xreal-sensor-diagnostic", "xreal-sensor-diagnostic.vcxproj", "{3F211CCA-CE59-355B-AB87-344297ACFFDB}"
	ProjectSection(ProjectDependencies) = postProject
		{D410CD78-CF30-33F6-98BF-96B58C2D9E84} = {D410CD78-CF30-33F6-98BF-96B58C2D9E84}
		{82593A34-BE54-3E91-9D13-31ED1E637948} = {82593A34-BE54-3E91-9D13-31ED1E637948}
		{64374691-4383-3380-B79F-67CB97059C0A} = {64374691-4383-3380-B79F-67CB97059C0A}
	EndProjectSection
EndProject
Project("{8BC9CEB8-8B4A-11D0-8D11-00A0C91BC942}") = "xreal-sensors", "xreal-sensors.vcxproj", "{64374691-4383-3380-B79F-67CB97059C0A}"
	ProjectSection(ProjectDependencies) = postProject
		{D410CD78-CF30-33F6-98BF-96B58C2D9E84} = {D410CD78-CF30-33F6-98BF-96B58C2D9E84}
		{82593A34-BE54-3E91-9D13-31ED1E637948} = {82593A34-BE54-3E91-9D13-31ED1E637948}
	EndProjectSection
EndProject
Project("{8BC9CEB8-8B4A-11D0-8D11-00A0C91BC942}") = "xreal-spatial-renderer", "xreal-spatial-renderer.vcxproj", "{F2B87DB7-0A56-3EC6-8B06-B18C4E359FE8}"
	ProjectSection(ProjectDependencies) = postProject
		{D410CD78-CF30-33F6-98BF-96B58C2D9E84} = {D410CD78-CF30-33F6-98BF-96B58C2D9E84}
		{82593A34-BE54-3E91-9D13-31ED1E637948} = {82593A34-BE54-3E91-9D13-31ED1E637948}
		{177CBDE7-8AB9-3AE5-AFC8-9552F1B7D526} = {177CBDE7-8AB9-3AE5-AFC8-9552F1B7D526}
		{0CD8E27F-D88B-3042-A126-BAA4E539955A} = {0CD8E27F-D88B-3042-A126-BAA4E539955A}
		{06424B32-9D52-3774-8DC9-CC1019728BA5} = {06424B32-9D52-3774-8DC9-CC1019728BA5}
		{0DB3063F-9A61-3764-A96F-42DF6FCF9DFD} = {0DB3063F-9A61-3764-A96F-42DF6FCF9DFD}
		{64374691-4383-3380-B79F-67CB97059C0A} = {64374691-4383-3380-B79F-67CB97059C0A}
	EndProjectSection
EndProject
Project("{8BC9CEB8-8B4A-11D0-8D11-00A0C91BC942}") = "xreal-virtual-display-control", "xreal-virtual-display-control.vcxproj", "{452FC2C6-A939-3069-9F9F-9FA460BB7229}"
	ProjectSection(ProjectDependencies) = postProject
		{D410CD78-CF30-33F6-98BF-96B58C2D9E84} = {D410CD78-CF30-33F6-98BF-96B58C2D9E84}
		{82593A34-BE54-3E91-9D13-31ED1E637948} = {82593A34-BE54-3E91-9D13-31ED1E637948}
		{177CBDE7-8AB9-3AE5-AFC8-9552F1B7D526} = {177CBDE7-8AB9-3AE5-AFC8-9552F1B7D526}
		{06424B32-9D52-3774-8DC9-CC1019728BA5} = {06424B32-9D52-3774-8DC9-CC1019728BA5}
		{0DB3063F-9A61-3764-A96F-42DF6FCF9DFD} = {0DB3063F-9A61-3764-A96F-42DF6FCF9DFD}
		{64374691-4383-3380-B79F-67CB97059C0A} = {64374691-4383-3380-B79F-67CB97059C0A}
		{39AA4899-2835-35E7-8DBB-5A441DE1A767} = {39AA4899-2835-35E7-8DBB-5A441DE1A767}
		{54D48366-3C18-32B7-A9BF-88112B82CCB7} = {54D48366-3C18-32B7-A9BF-88112B82CCB7}
	EndProjectSection
EndProject
Project("{8BC9CEB8-8B4A-11D0-8D11-00A0C91BC942}") = "xreal-virtual-display-driver-model-tests", "xreal-virtual-display-driver-model-tests.vcxproj", "{454FAEA3-EAA8-35F1-9DE4-B86D4404B53C}"
	ProjectSection(ProjectDependencies) = postProject
		{D410CD78-CF30-33F6-98BF-96B58C2D9E84} = {D410CD78-CF30-33F6-98BF-96B58C2D9E84}
		{82593A34-BE54-3E91-9D13-31ED1E637948} = {82593A34-BE54-3E91-9D13-31ED1E637948}
		{177CBDE7-8AB9-3AE5-AFC8-9552F1B7D526} = {177CBDE7-8AB9-3AE5-AFC8-9552F1B7D526}
		{06424B32-9D52-3774-8DC9-CC1019728BA5} = {06424B32-9D52-3774-8DC9-CC1019728BA5}
		{0DB3063F-9A61-3764-A96F-42DF6FCF9DFD} = {0DB3063F-9A61-3764-A96F-42DF6FCF9DFD}
		{64374691-4383-3380-B79F-67CB97059C0A} = {64374691-4383-3380-B79F-67CB97059C0A}
		{39AA4899-2835-35E7-8DBB-5A441DE1A767} = {39AA4899-2835-35E7-8DBB-5A441DE1A767}
		{54D48366-3C18-32B7-A9BF-88112B82CCB7} = {54D48366-3C18-32B7-A9BF-88112B82CCB7}
	EndProjectSection
EndProject
Project("{8BC9CEB8-8B4A-11D0-8D11-00A0C91BC942}") = "xreal-virtual-display-protocol", "xreal-virtual-display-protocol.vcxproj", "{39AA4899-2835-35E7-8DBB-5A441DE1A767}"
	ProjectSection(ProjectDependencies) = postProject
		{D410CD78-CF30-33F6-98BF-96B58C2D9E84} = {D410CD78-CF30-33F6-98BF-96B58C2D9E84}
	EndProjectSection
EndProject
Project("{8BC9CEB8-8B4A-11D0-8D11-00A0C91BC942}") = "xreal-virtual-display-service", "xreal-virtual-display-service.vcxproj", "{54D48366-3C18-32B7-A9BF-88112B82CCB7}"
	ProjectSection(ProjectDependencies) = postProject
		{D410CD78-CF30-33F6-98BF-96B58C2D9E84} = {D410CD78-CF30-33F6-98BF-96B58C2D9E84}
		{82593A34-BE54-3E91-9D13-31ED1E637948} = {82593A34-BE54-3E91-9D13-31ED1E637948}
		{177CBDE7-8AB9-3AE5-AFC8-9552F1B7D526} = {177CBDE7-8AB9-3AE5-AFC8-9552F1B7D526}
		{06424B32-9D52-3774-8DC9-CC1019728BA5} = {06424B32-9D52-3774-8DC9-CC1019728BA5}
		{0DB3063F-9A61-3764-A96F-42DF6FCF9DFD} = {0DB3063F-9A61-3764-A96F-42DF6FCF9DFD}
		{64374691-4383-3380-B79F-67CB97059C0A} = {64374691-4383-3380-B79F-67CB97059C0A}
		{39AA4899-2835-35E7-8DBB-5A441DE1A767} = {39AA4899-2835-35E7-8DBB-5A441DE1A767}
	EndProjectSection
EndProject
Project("{8BC9CEB8-8B4A-11D0-8D11-00A0C91BC942}") = "xreal-virtual-display-tests", "xreal-virtual-display-tests.vcxproj", "{3C8E8877-1BCE-313F-9C29-4E7739C0FB24}"
	ProjectSection(ProjectDependencies) = postProject
		{D410CD78-CF30-33F6-98BF-96B58C2D9E84} = {D410CD78-CF30-33F6-98BF-96B58C2D9E84}
		{82593A34-BE54-3E91-9D13-31ED1E637948} = {82593A34-BE54-3E91-9D13-31ED1E637948}
		{177CBDE7-8AB9-3AE5-AFC8-9552F1B7D526} = {177CBDE7-8AB9-3AE5-AFC8-9552F1B7D526}
		{06424B32-9D52-3774-8DC9-CC1019728BA5} = {06424B32-9D52-3774-8DC9-CC1019728BA5}
		{0DB3063F-9A61-3764-A96F-42DF6FCF9DFD} = {0DB3063F-9A61-3764-A96F-42DF6FCF9DFD}
		{64374691-4383-3380-B79F-67CB97059C0A} = {64374691-4383-3380-B79F-67CB97059C0A}
		{39AA4899-2835-35E7-8DBB-5A441DE1A767} = {39AA4899-2835-35E7-8DBB-5A441DE1A767}
		{54D48366-3C18-32B7-A9BF-88112B82CCB7} = {54D48366-3C18-32B7-A9BF-88112B82CCB7}
	EndProjectSection
EndProject
Global
	GlobalSection(SolutionConfigurationPlatforms) = preSolution
		Debug|x64 = Debug|x64
		Release|x64 = Release|x64
		MinSizeRel|x64 = MinSizeRel|x64
		RelWithDebInfo|x64 = RelWithDebInfo|x64
	EndGlobalSection
	GlobalSection(ProjectConfigurationPlatforms) = postSolution
		{37DFBA04-B54B-3EAD-8A18-D6E1F8389D28}.Debug|x64.ActiveCfg = Debug|x64
		{37DFBA04-B54B-3EAD-8A18-D6E1F8389D28}.Release|x64.ActiveCfg = Release|x64
		{37DFBA04-B54B-3EAD-8A18-D6E1F8389D28}.MinSizeRel|x64.ActiveCfg = MinSizeRel|x64
		{37DFBA04-B54B-3EAD-8A18-D6E1F8389D28}.RelWithDebInfo|x64.ActiveCfg = RelWithDebInfo|x64
		{D2F5A3E7-FFBC-37BA-96B1-8194A2829BE5}.Debug|x64.ActiveCfg = Debug|x64
		{D2F5A3E7-FFBC-37BA-96B1-8194A2829BE5}.Release|x64.ActiveCfg = Release|x64
		{D2F5A3E7-FFBC-37BA-96B1-8194A2829BE5}.MinSizeRel|x64.ActiveCfg = MinSizeRel|x64
		{D2F5A3E7-FFBC-37BA-96B1-8194A2829BE5}.RelWithDebInfo|x64.ActiveCfg = RelWithDebInfo|x64
		{0642411D-2F6D-37C5-BF1A-35F32E46F475}.Debug|x64.ActiveCfg = Debug|x64
		{0642411D-2F6D-37C5-BF1A-35F32E46F475}.Release|x64.ActiveCfg = Release|x64
		{0642411D-2F6D-37C5-BF1A-35F32E46F475}.MinSizeRel|x64.ActiveCfg = MinSizeRel|x64
		{0642411D-2F6D-37C5-BF1A-35F32E46F475}.RelWithDebInfo|x64.ActiveCfg = RelWithDebInfo|x64
		{CF0D2240-FD2E-3BB6-8885-7813960A7BB5}.Debug|x64.ActiveCfg = Debug|x64
		{CF0D2240-FD2E-3BB6-8885-7813960A7BB5}.Release|x64.ActiveCfg = Release|x64
		{CF0D2240-FD2E-3BB6-8885-7813960A7BB5}.MinSizeRel|x64.ActiveCfg = MinSizeRel|x64
		{CF0D2240-FD2E-3BB6-8885-7813960A7BB5}.RelWithDebInfo|x64.ActiveCfg = RelWithDebInfo|x64
		{B88D6CD9-34AF-3343-B497-1E69ABCF0A26}.Debug|x64.ActiveCfg = Debug|x64
		{B88D6CD9-34AF-3343-B497-1E69ABCF0A26}.Release|x64.ActiveCfg = Release|x64
		{B88D6CD9-34AF-3343-B497-1E69ABCF0A26}.MinSizeRel|x64.ActiveCfg = MinSizeRel|x64
		{B88D6CD9-34AF-3343-B497-1E69ABCF0A26}.RelWithDebInfo|x64.ActiveCfg = RelWithDebInfo|x64
		{F4C00A5E-042A-3DD9-AE47-F78B41DB03C0}.Debug|x64.ActiveCfg = Debug|x64
		{F4C00A5E-042A-3DD9-AE47-F78B41DB03C0}.Release|x64.ActiveCfg = Release|x64
		{F4C00A5E-042A-3DD9-AE47-F78B41DB03C0}.MinSizeRel|x64.ActiveCfg = MinSizeRel|x64
		{F4C00A5E-042A-3DD9-AE47-F78B41DB03C0}.RelWithDebInfo|x64.ActiveCfg = RelWithDebInfo|x64
		{D410CD78-CF30-33F6-98BF-96B58C2D9E84}.Debug|x64.ActiveCfg = Debug|x64
		{D410CD78-CF30-33F6-98BF-96B58C2D9E84}.Debug|x64.Build.0 = Debug|x64
		{D410CD78-CF30-33F6-98BF-96B58C2D9E84}.Release|x64.ActiveCfg = Release|x64
		{D410CD78-CF30-33F6-98BF-96B58C2D9E84}.Release|x64.Build.0 = Release|x64
		{D410CD78-CF30-33F6-98BF-96B58C2D9E84}.MinSizeRel|x64.ActiveCfg = MinSizeRel|x64
		{D410CD78-CF30-33F6-98BF-96B58C2D9E84}.MinSizeRel|x64.Build.0 = MinSizeRel|x64
		{D410CD78-CF30-33F6-98BF-96B58C2D9E84}.RelWithDebInfo|x64.ActiveCfg = RelWithDebInfo|x64
		{D410CD78-CF30-33F6-98BF-96B58C2D9E84}.RelWithDebInfo|x64.Build.0 = RelWithDebInfo|x64
		{82593A34-BE54-3E91-9D13-31ED1E637948}.Debug|x64.ActiveCfg = Debug|x64
		{82593A34-BE54-3E91-9D13-31ED1E637948}.Debug|x64.Build.0 = Debug|x64
		{82593A34-BE54-3E91-9D13-31ED1E637948}.Release|x64.ActiveCfg = Release|x64
		{82593A34-BE54-3E91-9D13-31ED1E637948}.Release|x64.Build.0 = Release|x64
		{82593A34-BE54-3E91-9D13-31ED1E637948}.MinSizeRel|x64.ActiveCfg = MinSizeRel|x64
		{82593A34-BE54-3E91-9D13-31ED1E637948}.MinSizeRel|x64.Build.0 = MinSizeRel|x64
		{82593A34-BE54-3E91-9D13-31ED1E637948}.RelWithDebInfo|x64.ActiveCfg = RelWithDebInfo|x64
		{82593A34-BE54-3E91-9D13-31ED1E637948}.RelWithDebInfo|x64.Build.0 = RelWithDebInfo|x64
		{75095A9D-520D-3139-96DC-A15794D79DAC}.Debug|x64.ActiveCfg = Debug|x64
		{75095A9D-520D-3139-96DC-A15794D79DAC}.Debug|x64.Build.0 = Debug|x64
		{75095A9D-520D-3139-96DC-A15794D79DAC}.Release|x64.ActiveCfg = Release|x64
		{75095A9D-520D-3139-96DC-A15794D79DAC}.Release|x64.Build.0 = Release|x64
		{75095A9D-520D-3139-96DC-A15794D79DAC}.MinSizeRel|x64.ActiveCfg = MinSizeRel|x64
		{75095A9D-520D-3139-96DC-A15794D79DAC}.MinSizeRel|x64.Build.0 = MinSizeRel|x64
		{75095A9D-520D-3139-96DC-A15794D79DAC}.RelWithDebInfo|x64.ActiveCfg = RelWithDebInfo|x64
		{75095A9D-520D-3139-96DC-A15794D79DAC}.RelWithDebInfo|x64.Build.0 = RelWithDebInfo|x64
		{6599476E-A42F-3167-9A83-410DE705D5CD}.Debug|x64.ActiveCfg = Debug|x64
		{6599476E-A42F-3167-9A83-410DE705D5CD}.Debug|x64.Build.0 = Debug|x64
		{6599476E-A42F-3167-9A83-410DE705D5CD}.Release|x64.ActiveCfg = Release|x64
		{6599476E-A42F-3167-9A83-410DE705D5CD}.Release|x64.Build.0 = Release|x64
		{6599476E-A42F-3167-9A83-410DE705D5CD}.MinSizeRel|x64.ActiveCfg = MinSizeRel|x64
		{6599476E-A42F-3167-9A83-410DE705D5CD}.MinSizeRel|x64.Build.0 = MinSizeRel|x64
		{6599476E-A42F-3167-9A83-410DE705D5CD}.RelWithDebInfo|x64.ActiveCfg = RelWithDebInfo|x64
		{6599476E-A42F-3167-9A83-410DE705D5CD}.RelWithDebInfo|x64.Build.0 = RelWithDebInfo|x64
		{177CBDE7-8AB9-3AE5-AFC8-9552F1B7D526}.Debug|x64.ActiveCfg = Debug|x64
		{177CBDE7-8AB9-3AE5-AFC8-9552F1B7D526}.Debug|x64.Build.0 = Debug|x64
		{177CBDE7-8AB9-3AE5-AFC8-9552F1B7D526}.Release|x64.ActiveCfg = Release|x64
		{177CBDE7-8AB9-3AE5-AFC8-9552F1B7D526}.Release|x64.Build.0 = Release|x64
		{177CBDE7-8AB9-3AE5-AFC8-9552F1B7D526}.MinSizeRel|x64.ActiveCfg = MinSizeRel|x64
		{177CBDE7-8AB9-3AE5-AFC8-9552F1B7D526}.MinSizeRel|x64.Build.0 = MinSizeRel|x64
		{177CBDE7-8AB9-3AE5-AFC8-9552F1B7D526}.RelWithDebInfo|x64.ActiveCfg = RelWithDebInfo|x64
		{177CBDE7-8AB9-3AE5-AFC8-9552F1B7D526}.RelWithDebInfo|x64.Build.0 = RelWithDebInfo|x64
		{C2D43D7F-B802-3F3B-A000-5BB4A7380617}.Debug|x64.ActiveCfg = Debug|x64
		{C2D43D7F-B802-3F3B-A000-5BB4A7380617}.Debug|x64.Build.0 = Debug|x64
		{C2D43D7F-B802-3F3B-A000-5BB4A7380617}.Release|x64.ActiveCfg = Release|x64
		{C2D43D7F-B802-3F3B-A000-5BB4A7380617}.Release|x64.Build.0 = Release|x64
		{C2D43D7F-B802-3F3B-A000-5BB4A7380617}.MinSizeRel|x64.ActiveCfg = MinSizeRel|x64
		{C2D43D7F-B802-3F3B-A000-5BB4A7380617}.MinSizeRel|x64.Build.0 = MinSizeRel|x64
		{C2D43D7F-B802-3F3B-A000-5BB4A7380617}.RelWithDebInfo|x64.ActiveCfg = RelWithDebInfo|x64
		{C2D43D7F-B802-3F3B-A000-5BB4A7380617}.RelWithDebInfo|x64.Build.0 = RelWithDebInfo|x64
		{54CDED8F-1D95-30D4-A05C-623F279CF714}.Debug|x64.ActiveCfg = Debug|x64
		{54CDED8F-1D95-30D4-A05C-623F279CF714}.Debug|x64.Build.0 = Debug|x64
		{54CDED8F-1D95-30D4-A05C-623F279CF714}.Release|x64.ActiveCfg = Release|x64
		{54CDED8F-1D95-30D4-A05C-623F279CF714}.Release|x64.Build.0 = Release|x64
		{54CDED8F-1D95-30D4-A05C-623F279CF714}.MinSizeRel|x64.ActiveCfg = MinSizeRel|x64
		{54CDED8F-1D95-30D4-A05C-623F279CF714}.MinSizeRel|x64.Build.0 = MinSizeRel|x64
		{54CDED8F-1D95-30D4-A05C-623F279CF714}.RelWithDebInfo|x64.ActiveCfg = RelWithDebInfo|x64
		{54CDED8F-1D95-30D4-A05C-623F279CF714}.RelWithDebInfo|x64.Build.0 = RelWithDebInfo|x64
		{0CD8E27F-D88B-3042-A126-BAA4E539955A}.Debug|x64.ActiveCfg = Debug|x64
		{0CD8E27F-D88B-3042-A126-BAA4E539955A}.Debug|x64.Build.0 = Debug|x64
		{0CD8E27F-D88B-3042-A126-BAA4E539955A}.Release|x64.ActiveCfg = Release|x64
		{0CD8E27F-D88B-3042-A126-BAA4E539955A}.Release|x64.Build.0 = Release|x64
		{0CD8E27F-D88B-3042-A126-BAA4E539955A}.MinSizeRel|x64.ActiveCfg = MinSizeRel|x64
		{0CD8E27F-D88B-3042-A126-BAA4E539955A}.MinSizeRel|x64.Build.0 = MinSizeRel|x64
		{0CD8E27F-D88B-3042-A126-BAA4E539955A}.RelWithDebInfo|x64.ActiveCfg = RelWithDebInfo|x64
		{0CD8E27F-D88B-3042-A126-BAA4E539955A}.RelWithDebInfo|x64.Build.0 = RelWithDebInfo|x64
		{6941E6C6-5576-3F5A-AA1E-949FDF5F0D8C}.Debug|x64.ActiveCfg = Debug|x64
		{6941E6C6-5576-3F5A-AA1E-949FDF5F0D8C}.Debug|x64.Build.0 = Debug|x64
		{6941E6C6-5576-3F5A-AA1E-949FDF5F0D8C}.Release|x64.ActiveCfg = Release|x64
		{6941E6C6-5576-3F5A-AA1E-949FDF5F0D8C}.Release|x64.Build.0 = Release|x64
		{6941E6C6-5576-3F5A-AA1E-949FDF5F0D8C}.MinSizeRel|x64.ActiveCfg = MinSizeRel|x64
		{6941E6C6-5576-3F5A-AA1E-949FDF5F0D8C}.MinSizeRel|x64.Build.0 = MinSizeRel|x64
		{6941E6C6-5576-3F5A-AA1E-949FDF5F0D8C}.RelWithDebInfo|x64.ActiveCfg = RelWithDebInfo|x64
		{6941E6C6-5576-3F5A-AA1E-949FDF5F0D8C}.RelWithDebInfo|x64.Build.0 = RelWithDebInfo|x64
		{F85CBD0D-627B-3418-BBE5-61AA47DD447A}.Debug|x64.ActiveCfg = Debug|x64
		{F85CBD0D-627B-3418-BBE5-61AA47DD447A}.Debug|x64.Build.0 = Debug|x64
		{F85CBD0D-627B-3418-BBE5-61AA47DD447A}.Release|x64.ActiveCfg = Release|x64
		{F85CBD0D-627B-3418-BBE5-61AA47DD447A}.Release|x64.Build.0 = Release|x64
		{F85CBD0D-627B-3418-BBE5-61AA47DD447A}.MinSizeRel|x64.ActiveCfg = MinSizeRel|x64
		{F85CBD0D-627B-3418-BBE5-61AA47DD447A}.MinSizeRel|x64.Build.0 = MinSizeRel|x64
		{F85CBD0D-627B-3418-BBE5-61AA47DD447A}.RelWithDebInfo|x64.ActiveCfg = RelWithDebInfo|x64
		{F85CBD0D-627B-3418-BBE5-61AA47DD447A}.RelWithDebInfo|x64.Build.0 = RelWithDebInfo|x64
		{8561A1DB-CB13-33C3-A47D-22B7B368FF17}.Debug|x64.ActiveCfg = Debug|x64
		{8561A1DB-CB13-33C3-A47D-22B7B368FF17}.Debug|x64.Build.0 = Debug|x64
		{8561A1DB-CB13-33C3-A47D-22B7B368FF17}.Release|x64.ActiveCfg = Release|x64
		{8561A1DB-CB13-33C3-A47D-22B7B368FF17}.Release|x64.Build.0 = Release|x64
		{8561A1DB-CB13-33C3-A47D-22B7B368FF17}.MinSizeRel|x64.ActiveCfg = MinSizeRel|x64
		{8561A1DB-CB13-33C3-A47D-22B7B368FF17}.MinSizeRel|x64.Build.0 = MinSizeRel|x64
		{8561A1DB-CB13-33C3-A47D-22B7B368FF17}.RelWithDebInfo|x64.ActiveCfg = RelWithDebInfo|x64
		{8561A1DB-CB13-33C3-A47D-22B7B368FF17}.RelWithDebInfo|x64.Build.0 = RelWithDebInfo|x64
		{54289A99-B9B7-356E-AF5A-E13CC42F6FEA}.Debug|x64.ActiveCfg = Debug|x64
		{54289A99-B9B7-356E-AF5A-E13CC42F6FEA}.Debug|x64.Build.0 = Debug|x64
		{54289A99-B9B7-356E-AF5A-E13CC42F6FEA}.Release|x64.ActiveCfg = Release|x64
		{54289A99-B9B7-356E-AF5A-E13CC42F6FEA}.Release|x64.Build.0 = Release|x64
		{54289A99-B9B7-356E-AF5A-E13CC42F6FEA}.MinSizeRel|x64.ActiveCfg = MinSizeRel|x64
		{54289A99-B9B7-356E-AF5A-E13CC42F6FEA}.MinSizeRel|x64.Build.0 = MinSizeRel|x64
		{54289A99-B9B7-356E-AF5A-E13CC42F6FEA}.RelWithDebInfo|x64.ActiveCfg = RelWithDebInfo|x64
		{54289A99-B9B7-356E-AF5A-E13CC42F6FEA}.RelWithDebInfo|x64.Build.0 = RelWithDebInfo|x64
		{97FD46C6-0197-3FDE-982D-B1BAAA816A0C}.Debug|x64.ActiveCfg = Debug|x64
		{97FD46C6-0197-3FDE-982D-B1BAAA816A0C}.Debug|x64.Build.0 = Debug|x64
		{97FD46C6-0197-3FDE-982D-B1BAAA816A0C}.Release|x64.ActiveCfg = Release|x64
		{97FD46C6-0197-3FDE-982D-B1BAAA816A0C}.Release|x64.Build.0 = Release|x64
		{97FD46C6-0197-3FDE-982D-B1BAAA816A0C}.MinSizeRel|x64.ActiveCfg = MinSizeRel|x64
		{97FD46C6-0197-3FDE-982D-B1BAAA816A0C}.MinSizeRel|x64.Build.0 = MinSizeRel|x64
		{97FD46C6-0197-3FDE-982D-B1BAAA816A0C}.RelWithDebInfo|x64.ActiveCfg = RelWithDebInfo|x64
		{97FD46C6-0197-3FDE-982D-B1BAAA816A0C}.RelWithDebInfo|x64.Build.0 = RelWithDebInfo|x64
		{1652733B-ABA5-360F-83A9-7DC462CC3030}.Debug|x64.ActiveCfg = Debug|x64
		{1652733B-ABA5-360F-83A9-7DC462CC3030}.Debug|x64.Build.0 = Debug|x64
		{1652733B-ABA5-360F-83A9-7DC462CC3030}.Release|x64.ActiveCfg = Release|x64
		{1652733B-ABA5-360F-83A9-7DC462CC3030}.Release|x64.Build.0 = Release|x64
		{1652733B-ABA5-360F-83A9-7DC462CC3030}.MinSizeRel|x64.ActiveCfg = MinSizeRel|x64
		{1652733B-ABA5-360F-83A9-7DC462CC3030}.MinSizeRel|x64.Build.0 = MinSizeRel|x64
		{1652733B-ABA5-360F-83A9-7DC462CC3030}.RelWithDebInfo|x64.ActiveCfg = RelWithDebInfo|x64
		{1652733B-ABA5-360F-83A9-7DC462CC3030}.RelWithDebInfo|x64.Build.0 = RelWithDebInfo|x64
		{53D427E2-0401-3DE1-A557-B5D4247B4D2A}.Debug|x64.ActiveCfg = Debug|x64
		{53D427E2-0401-3DE1-A557-B5D4247B4D2A}.Debug|x64.Build.0 = Debug|x64
		{53D427E2-0401-3DE1-A557-B5D4247B4D2A}.Release|x64.ActiveCfg = Release|x64
		{53D427E2-0401-3DE1-A557-B5D4247B4D2A}.Release|x64.Build.0 = Release|x64
		{53D427E2-0401-3DE1-A557-B5D4247B4D2A}.MinSizeRel|x64.ActiveCfg = MinSizeRel|x64
		{53D427E2-0401-3DE1-A557-B5D4247B4D2A}.MinSizeRel|x64.Build.0 = MinSizeRel|x64
		{53D427E2-0401-3DE1-A557-B5D4247B4D2A}.RelWithDebInfo|x64.ActiveCfg = RelWithDebInfo|x64
		{53D427E2-0401-3DE1-A557-B5D4247B4D2A}.RelWithDebInfo|x64.Build.0 = RelWithDebInfo|x64
		{B3840513-9A7D-3FF5-9644-BF555DD8818B}.Debug|x64.ActiveCfg = Debug|x64
		{B3840513-9A7D-3FF5-9644-BF555DD8818B}.Debug|x64.Build.0 = Debug|x64
		{B3840513-9A7D-3FF5-9644-BF555DD8818B}.Release|x64.ActiveCfg = Release|x64
		{B3840513-9A7D-3FF5-9644-BF555DD8818B}.Release|x64.Build.0 = Release|x64
		{B3840513-9A7D-3FF5-9644-BF555DD8818B}.MinSizeRel|x64.ActiveCfg = MinSizeRel|x64
		{B3840513-9A7D-3FF5-9644-BF555DD8818B}.MinSizeRel|x64.Build.0 = MinSizeRel|x64
		{B3840513-9A7D-3FF5-9644-BF555DD8818B}.RelWithDebInfo|x64.ActiveCfg = RelWithDebInfo|x64
		{B3840513-9A7D-3FF5-9644-BF555DD8818B}.RelWithDebInfo|x64.Build.0 = RelWithDebInfo|x64
		{A69FED4A-444A-35B7-BEDD-DA242909406C}.Debug|x64.ActiveCfg = Debug|x64
		{A69FED4A-444A-35B7-BEDD-DA242909406C}.Debug|x64.Build.0 = Debug|x64
		{A69FED4A-444A-35B7-BEDD-DA242909406C}.Release|x64.ActiveCfg = Release|x64
		{A69FED4A-444A-35B7-BEDD-DA242909406C}.Release|x64.Build.0 = Release|x64
		{A69FED4A-444A-35B7-BEDD-DA242909406C}.MinSizeRel|x64.ActiveCfg = MinSizeRel|x64
		{A69FED4A-444A-35B7-BEDD-DA242909406C}.MinSizeRel|x64.Build.0 = MinSizeRel|x64
		{A69FED4A-444A-35B7-BEDD-DA242909406C}.RelWithDebInfo|x64.ActiveCfg = RelWithDebInfo|x64
		{A69FED4A-444A-35B7-BEDD-DA242909406C}.RelWithDebInfo|x64.Build.0 = RelWithDebInfo|x64
		{B78B01ED-FEEC-340A-9211-DD8FF3BA4A2C}.Debug|x64.ActiveCfg = Debug|x64
		{B78B01ED-FEEC-340A-9211-DD8FF3BA4A2C}.Debug|x64.Build.0 = Debug|x64
		{B78B01ED-FEEC-340A-9211-DD8FF3BA4A2C}.Release|x64.ActiveCfg = Release|x64
		{B78B01ED-FEEC-340A-9211-DD8FF3BA4A2C}.Release|x64.Build.0 = Release|x64
		{B78B01ED-FEEC-340A-9211-DD8FF3BA4A2C}.MinSizeRel|x64.ActiveCfg = MinSizeRel|x64
		{B78B01ED-FEEC-340A-9211-DD8FF3BA4A2C}.MinSizeRel|x64.Build.0 = MinSizeRel|x64
		{B78B01ED-FEEC-340A-9211-DD8FF3BA4A2C}.RelWithDebInfo|x64.ActiveCfg = RelWithDebInfo|x64
		{B78B01ED-FEEC-340A-9211-DD8FF3BA4A2C}.RelWithDebInfo|x64.Build.0 = RelWithDebInfo|x64
		{FE9205D7-4A60-3D63-A78D-AAE3C6DDECB3}.Debug|x64.ActiveCfg = Debug|x64
		{FE9205D7-4A60-3D63-A78D-AAE3C6DDECB3}.Debug|x64.Build.0 = Debug|x64
		{FE9205D7-4A60-3D63-A78D-AAE3C6DDECB3}.Release|x64.ActiveCfg = Release|x64
		{FE9205D7-4A60-3D63-A78D-AAE3C6DDECB3}.Release|x64.Build.0 = Release|x64
		{FE9205D7-4A60-3D63-A78D-AAE3C6DDECB3}.MinSizeRel|x64.ActiveCfg = MinSizeRel|x64
		{FE9205D7-4A60-3D63-A78D-AAE3C6DDECB3}.MinSizeRel|x64.Build.0 = MinSizeRel|x64
		{FE9205D7-4A60-3D63-A78D-AAE3C6DDECB3}.RelWithDebInfo|x64.ActiveCfg = RelWithDebInfo|x64
		{FE9205D7-4A60-3D63-A78D-AAE3C6DDECB3}.RelWithDebInfo|x64.Build.0 = RelWithDebInfo|x64
		{0BEF279C-9980-39CC-A4EE-9AEB789AFD79}.Debug|x64.ActiveCfg = Debug|x64
		{0BEF279C-9980-39CC-A4EE-9AEB789AFD79}.Debug|x64.Build.0 = Debug|x64
		{0BEF279C-9980-39CC-A4EE-9AEB789AFD79}.Release|x64.ActiveCfg = Release|x64
		{0BEF279C-9980-39CC-A4EE-9AEB789AFD79}.Release|x64.Build.0 = Release|x64
		{0BEF279C-9980-39CC-A4EE-9AEB789AFD79}.MinSizeRel|x64.ActiveCfg = MinSizeRel|x64
		{0BEF279C-9980-39CC-A4EE-9AEB789AFD79}.MinSizeRel|x64.Build.0 = MinSizeRel|x64
		{0BEF279C-9980-39CC-A4EE-9AEB789AFD79}.RelWithDebInfo|x64.ActiveCfg = RelWithDebInfo|x64
		{0BEF279C-9980-39CC-A4EE-9AEB789AFD79}.RelWithDebInfo|x64.Build.0 = RelWithDebInfo|x64
		{84765270-3183-331A-A9B7-D3536623512E}.Debug|x64.ActiveCfg = Debug|x64
		{84765270-3183-331A-A9B7-D3536623512E}.Debug|x64.Build.0 = Debug|x64
		{84765270-3183-331A-A9B7-D3536623512E}.Release|x64.ActiveCfg = Release|x64
		{84765270-3183-331A-A9B7-D3536623512E}.Release|x64.Build.0 = Release|x64
		{84765270-3183-331A-A9B7-D3536623512E}.MinSizeRel|x64.ActiveCfg = MinSizeRel|x64
		{84765270-3183-331A-A9B7-D3536623512E}.MinSizeRel|x64.Build.0 = MinSizeRel|x64
		{84765270-3183-331A-A9B7-D3536623512E}.RelWithDebInfo|x64.ActiveCfg = RelWithDebInfo|x64
		{84765270-3183-331A-A9B7-D3536623512E}.RelWithDebInfo|x64.Build.0 = RelWithDebInfo|x64
		{539563AB-749A-3017-BA8B-3C3A37DDDEB3}.Debug|x64.ActiveCfg = Debug|x64
		{539563AB-749A-3017-BA8B-3C3A37DDDEB3}.Debug|x64.Build.0 = Debug|x64
		{539563AB-749A-3017-BA8B-3C3A37DDDEB3}.Release|x64.ActiveCfg = Release|x64
		{539563AB-749A-3017-BA8B-3C3A37DDDEB3}.Release|x64.Build.0 = Release|x64
		{539563AB-749A-3017-BA8B-3C3A37DDDEB3}.MinSizeRel|x64.ActiveCfg = MinSizeRel|x64
		{539563AB-749A-3017-BA8B-3C3A37DDDEB3}.MinSizeRel|x64.Build.0 = MinSizeRel|x64
		{539563AB-749A-3017-BA8B-3C3A37DDDEB3}.RelWithDebInfo|x64.ActiveCfg = RelWithDebInfo|x64
		{539563AB-749A-3017-BA8B-3C3A37DDDEB3}.RelWithDebInfo|x64.Build.0 = RelWithDebInfo|x64
		{77DA1D71-8DF7-324D-9D56-210A51837A58}.Debug|x64.ActiveCfg = Debug|x64
		{77DA1D71-8DF7-324D-9D56-210A51837A58}.Debug|x64.Build.0 = Debug|x64
		{77DA1D71-8DF7-324D-9D56-210A51837A58}.Release|x64.ActiveCfg = Release|x64
		{77DA1D71-8DF7-324D-9D56-210A51837A58}.Release|x64.Build.0 = Release|x64
		{77DA1D71-8DF7-324D-9D56-210A51837A58}.MinSizeRel|x64.ActiveCfg = MinSizeRel|x64
		{77DA1D71-8DF7-324D-9D56-210A51837A58}.MinSizeRel|x64.Build.0 = MinSizeRel|x64
		{77DA1D71-8DF7-324D-9D56-210A51837A58}.RelWithDebInfo|x64.ActiveCfg = RelWithDebInfo|x64
		{77DA1D71-8DF7-324D-9D56-210A51837A58}.RelWithDebInfo|x64.Build.0 = RelWithDebInfo|x64
		{B6B5B2E1-B90D-321B-B1B9-A30FED892D08}.Debug|x64.ActiveCfg = Debug|x64
		{B6B5B2E1-B90D-321B-B1B9-A30FED892D08}.Debug|x64.Build.0 = Debug|x64
		{B6B5B2E1-B90D-321B-B1B9-A30FED892D08}.Release|x64.ActiveCfg = Release|x64
		{B6B5B2E1-B90D-321B-B1B9-A30FED892D08}.Release|x64.Build.0 = Release|x64
		{B6B5B2E1-B90D-321B-B1B9-A30FED892D08}.MinSizeRel|x64.ActiveCfg = MinSizeRel|x64
		{B6B5B2E1-B90D-321B-B1B9-A30FED892D08}.MinSizeRel|x64.Build.0 = MinSizeRel|x64
		{B6B5B2E1-B90D-321B-B1B9-A30FED892D08}.RelWithDebInfo|x64.ActiveCfg = RelWithDebInfo|x64
		{B6B5B2E1-B90D-321B-B1B9-A30FED892D08}.RelWithDebInfo|x64.Build.0 = RelWithDebInfo|x64
		{5FCDC855-12D6-39EB-A5E3-75E964816954}.Debug|x64.ActiveCfg = Debug|x64
		{5FCDC855-12D6-39EB-A5E3-75E964816954}.Debug|x64.Build.0 = Debug|x64
		{5FCDC855-12D6-39EB-A5E3-75E964816954}.Release|x64.ActiveCfg = Release|x64
		{5FCDC855-12D6-39EB-A5E3-75E964816954}.Release|x64.Build.0 = Release|x64
		{5FCDC855-12D6-39EB-A5E3-75E964816954}.MinSizeRel|x64.ActiveCfg = MinSizeRel|x64
		{5FCDC855-12D6-39EB-A5E3-75E964816954}.MinSizeRel|x64.Build.0 = MinSizeRel|x64
		{5FCDC855-12D6-39EB-A5E3-75E964816954}.RelWithDebInfo|x64.ActiveCfg = RelWithDebInfo|x64
		{5FCDC855-12D6-39EB-A5E3-75E964816954}.RelWithDebInfo|x64.Build.0 = RelWithDebInfo|x64
		{51297A42-DD48-3DE6-936A-BC8848BD3F66}.Debug|x64.ActiveCfg = Debug|x64
		{51297A42-DD48-3DE6-936A-BC8848BD3F66}.Debug|x64.Build.0 = Debug|x64
		{51297A42-DD48-3DE6-936A-BC8848BD3F66}.Release|x64.ActiveCfg = Release|x64
		{51297A42-DD48-3DE6-936A-BC8848BD3F66}.Release|x64.Build.0 = Release|x64
		{51297A42-DD48-3DE6-936A-BC8848BD3F66}.MinSizeRel|x64.ActiveCfg = MinSizeRel|x64
		{51297A42-DD48-3DE6-936A-BC8848BD3F66}.MinSizeRel|x64.Build.0 = MinSizeRel|x64
		{51297A42-DD48-3DE6-936A-BC8848BD3F66}.RelWithDebInfo|x64.ActiveCfg = RelWithDebInfo|x64
		{51297A42-DD48-3DE6-936A-BC8848BD3F66}.RelWithDebInfo|x64.Build.0 = RelWithDebInfo|x64
		{8C40B45F-B5EA-359F-9E52-15AF6B6B19F9}.Debug|x64.ActiveCfg = Debug|x64
		{8C40B45F-B5EA-359F-9E52-15AF6B6B19F9}.Debug|x64.Build.0 = Debug|x64
		{8C40B45F-B5EA-359F-9E52-15AF6B6B19F9}.Release|x64.ActiveCfg = Release|x64
		{8C40B45F-B5EA-359F-9E52-15AF6B6B19F9}.Release|x64.Build.0 = Release|x64
		{8C40B45F-B5EA-359F-9E52-15AF6B6B19F9}.MinSizeRel|x64.ActiveCfg = MinSizeRel|x64
		{8C40B45F-B5EA-359F-9E52-15AF6B6B19F9}.MinSizeRel|x64.Build.0 = MinSizeRel|x64
		{8C40B45F-B5EA-359F-9E52-15AF6B6B19F9}.RelWithDebInfo|x64.ActiveCfg = RelWithDebInfo|x64
		{8C40B45F-B5EA-359F-9E52-15AF6B6B19F9}.RelWithDebInfo|x64.Build.0 = RelWithDebInfo|x64
		{EFBAD9E3-1349-3711-BA7B-707E032A4C8F}.Debug|x64.ActiveCfg = Debug|x64
		{EFBAD9E3-1349-3711-BA7B-707E032A4C8F}.Debug|x64.Build.0 = Debug|x64
		{EFBAD9E3-1349-3711-BA7B-707E032A4C8F}.Release|x64.ActiveCfg = Release|x64
		{EFBAD9E3-1349-3711-BA7B-707E032A4C8F}.Release|x64.Build.0 = Release|x64
		{EFBAD9E3-1349-3711-BA7B-707E032A4C8F}.MinSizeRel|x64.ActiveCfg = MinSizeRel|x64
		{EFBAD9E3-1349-3711-BA7B-707E032A4C8F}.MinSizeRel|x64.Build.0 = MinSizeRel|x64
		{EFBAD9E3-1349-3711-BA7B-707E032A4C8F}.RelWithDebInfo|x64.ActiveCfg = RelWithDebInfo|x64
		{EFBAD9E3-1349-3711-BA7B-707E032A4C8F}.RelWithDebInfo|x64.Build.0 = RelWithDebInfo|x64
		{E6BD1681-C4A9-39CE-90E0-C94A75E25F47}.Debug|x64.ActiveCfg = Debug|x64
		{E6BD1681-C4A9-39CE-90E0-C94A75E25F47}.Debug|x64.Build.0 = Debug|x64
		{E6BD1681-C4A9-39CE-90E0-C94A75E25F47}.Release|x64.ActiveCfg = Release|x64
		{E6BD1681-C4A9-39CE-90E0-C94A75E25F47}.Release|x64.Build.0 = Release|x64
		{E6BD1681-C4A9-39CE-90E0-C94A75E25F47}.MinSizeRel|x64.ActiveCfg = MinSizeRel|x64
		{E6BD1681-C4A9-39CE-90E0-C94A75E25F47}.MinSizeRel|x64.Build.0 = MinSizeRel|x64
		{E6BD1681-C4A9-39CE-90E0-C94A75E25F47}.RelWithDebInfo|x64.ActiveCfg = RelWithDebInfo|x64
		{E6BD1681-C4A9-39CE-90E0-C94A75E25F47}.RelWithDebInfo|x64.Build.0 = RelWithDebInfo|x64
		{748A58AE-61F7-3A51-9EA3-93E6D8EC07E0}.Debug|x64.ActiveCfg = Debug|x64
		{748A58AE-61F7-3A51-9EA3-93E6D8EC07E0}.Debug|x64.Build.0 = Debug|x64
		{748A58AE-61F7-3A51-9EA3-93E6D8EC07E0}.Release|x64.ActiveCfg = Release|x64
		{748A58AE-61F7-3A51-9EA3-93E6D8EC07E0}.Release|x64.Build.0 = Release|x64
		{748A58AE-61F7-3A51-9EA3-93E6D8EC07E0}.MinSizeRel|x64.ActiveCfg = MinSizeRel|x64
		{748A58AE-61F7-3A51-9EA3-93E6D8EC07E0}.MinSizeRel|x64.Build.0 = MinSizeRel|x64
		{748A58AE-61F7-3A51-9EA3-93E6D8EC07E0}.RelWithDebInfo|x64.ActiveCfg = RelWithDebInfo|x64
		{748A58AE-61F7-3A51-9EA3-93E6D8EC07E0}.RelWithDebInfo|x64.Build.0 = RelWithDebInfo|x64
		{29D7F143-A2CC-3D2F-B74D-F6BD4C2A7470}.Debug|x64.ActiveCfg = Debug|x64
		{29D7F143-A2CC-3D2F-B74D-F6BD4C2A7470}.Debug|x64.Build.0 = Debug|x64
		{29D7F143-A2CC-3D2F-B74D-F6BD4C2A7470}.Release|x64.ActiveCfg = Release|x64
		{29D7F143-A2CC-3D2F-B74D-F6BD4C2A7470}.Release|x64.Build.0 = Release|x64
		{29D7F143-A2CC-3D2F-B74D-F6BD4C2A7470}.MinSizeRel|x64.ActiveCfg = MinSizeRel|x64
		{29D7F143-A2CC-3D2F-B74D-F6BD4C2A7470}.MinSizeRel|x64.Build.0 = MinSizeRel|x64
		{29D7F143-A2CC-3D2F-B74D-F6BD4C2A7470}.RelWithDebInfo|x64.ActiveCfg = RelWithDebInfo|x64
		{29D7F143-A2CC-3D2F-B74D-F6BD4C2A7470}.RelWithDebInfo|x64.Build.0 = RelWithDebInfo|x64
		{51D5C9B8-1EA9-328D-B221-22B462FF8478}.Debug|x64.ActiveCfg = Debug|x64
		{51D5C9B8-1EA9-328D-B221-22B462FF8478}.Debug|x64.Build.0 = Debug|x64
		{51D5C9B8-1EA9-328D-B221-22B462FF8478}.Release|x64.ActiveCfg = Release|x64
		{51D5C9B8-1EA9-328D-B221-22B462FF8478}.Release|x64.Build.0 = Release|x64
		{51D5C9B8-1EA9-328D-B221-22B462FF8478}.MinSizeRel|x64.ActiveCfg = MinSizeRel|x64
		{51D5C9B8-1EA9-328D-B221-22B462FF8478}.MinSizeRel|x64.Build.0 = MinSizeRel|x64
		{51D5C9B8-1EA9-328D-B221-22B462FF8478}.RelWithDebInfo|x64.ActiveCfg = RelWithDebInfo|x64
		{51D5C9B8-1EA9-328D-B221-22B462FF8478}.RelWithDebInfo|x64.Build.0 = RelWithDebInfo|x64
		{21787B56-0E83-3B6B-9107-072CDDB4BC05}.Debug|x64.ActiveCfg = Debug|x64
		{21787B56-0E83-3B6B-9107-072CDDB4BC05}.Debug|x64.Build.0 = Debug|x64
		{21787B56-0E83-3B6B-9107-072CDDB4BC05}.Release|x64.ActiveCfg = Release|x64
		{21787B56-0E83-3B6B-9107-072CDDB4BC05}.Release|x64.Build.0 = Release|x64
		{21787B56-0E83-3B6B-9107-072CDDB4BC05}.MinSizeRel|x64.ActiveCfg = MinSizeRel|x64
		{21787B56-0E83-3B6B-9107-072CDDB4BC05}.MinSizeRel|x64.Build.0 = MinSizeRel|x64
		{21787B56-0E83-3B6B-9107-072CDDB4BC05}.RelWithDebInfo|x64.ActiveCfg = RelWithDebInfo|x64
		{21787B56-0E83-3B6B-9107-072CDDB4BC05}.RelWithDebInfo|x64.Build.0 = RelWithDebInfo|x64
		{8867F572-2450-3061-BC0F-7A2F846CEB2F}.Debug|x64.ActiveCfg = Debug|x64
		{8867F572-2450-3061-BC0F-7A2F846CEB2F}.Debug|x64.Build.0 = Debug|x64
		{8867F572-2450-3061-BC0F-7A2F846CEB2F}.Release|x64.ActiveCfg = Release|x64
		{8867F572-2450-3061-BC0F-7A2F846CEB2F}.Release|x64.Build.0 = Release|x64
		{8867F572-2450-3061-BC0F-7A2F846CEB2F}.MinSizeRel|x64.ActiveCfg = MinSizeRel|x64
		{8867F572-2450-3061-BC0F-7A2F846CEB2F}.MinSizeRel|x64.Build.0 = MinSizeRel|x64
		{8867F572-2450-3061-BC0F-7A2F846CEB2F}.RelWithDebInfo|x64.ActiveCfg = RelWithDebInfo|x64
		{8867F572-2450-3061-BC0F-7A2F846CEB2F}.RelWithDebInfo|x64.Build.0 = RelWithDebInfo|x64
		{79EBC546-06F7-36BC-8432-2DF7A40EFCBD}.Debug|x64.ActiveCfg = Debug|x64
		{79EBC546-06F7-36BC-8432-2DF7A40EFCBD}.Debug|x64.Build.0 = Debug|x64
		{79EBC546-06F7-36BC-8432-2DF7A40EFCBD}.Release|x64.ActiveCfg = Release|x64
		{79EBC546-06F7-36BC-8432-2DF7A40EFCBD}.Release|x64.Build.0 = Release|x64
		{79EBC546-06F7-36BC-8432-2DF7A40EFCBD}.MinSizeRel|x64.ActiveCfg = MinSizeRel|x64
		{79EBC546-06F7-36BC-8432-2DF7A40EFCBD}.MinSizeRel|x64.Build.0 = MinSizeRel|x64
		{79EBC546-06F7-36BC-8432-2DF7A40EFCBD}.RelWithDebInfo|x64.ActiveCfg = RelWithDebInfo|x64
		{79EBC546-06F7-36BC-8432-2DF7A40EFCBD}.RelWithDebInfo|x64.Build.0 = RelWithDebInfo|x64
		{06424B32-9D52-3774-8DC9-CC1019728BA5}.Debug|x64.ActiveCfg = Debug|x64
		{06424B32-9D52-3774-8DC9-CC1019728BA5}.Debug|x64.Build.0 = Debug|x64
		{06424B32-9D52-3774-8DC9-CC1019728BA5}.Release|x64.ActiveCfg = Release|x64
		{06424B32-9D52-3774-8DC9-CC1019728BA5}.Release|x64.Build.0 = Release|x64
		{06424B32-9D52-3774-8DC9-CC1019728BA5}.MinSizeRel|x64.ActiveCfg = MinSizeRel|x64
		{06424B32-9D52-3774-8DC9-CC1019728BA5}.MinSizeRel|x64.Build.0 = MinSizeRel|x64
		{06424B32-9D52-3774-8DC9-CC1019728BA5}.RelWithDebInfo|x64.ActiveCfg = RelWithDebInfo|x64
		{06424B32-9D52-3774-8DC9-CC1019728BA5}.RelWithDebInfo|x64.Build.0 = RelWithDebInfo|x64
		{263C5C2C-AC55-30B7-86E7-33F7244BAE1B}.Debug|x64.ActiveCfg = Debug|x64
		{263C5C2C-AC55-30B7-86E7-33F7244BAE1B}.Debug|x64.Build.0 = Debug|x64
		{263C5C2C-AC55-30B7-86E7-33F7244BAE1B}.Release|x64.ActiveCfg = Release|x64
		{263C5C2C-AC55-30B7-86E7-33F7244BAE1B}.Release|x64.Build.0 = Release|x64
		{263C5C2C-AC55-30B7-86E7-33F7244BAE1B}.MinSizeRel|x64.ActiveCfg = MinSizeRel|x64
		{263C5C2C-AC55-30B7-86E7-33F7244BAE1B}.MinSizeRel|x64.Build.0 = MinSizeRel|x64
		{263C5C2C-AC55-30B7-86E7-33F7244BAE1B}.RelWithDebInfo|x64.ActiveCfg = RelWithDebInfo|x64
		{263C5C2C-AC55-30B7-86E7-33F7244BAE1B}.RelWithDebInfo|x64.Build.0 = RelWithDebInfo|x64
		{AB6E5A77-0EF2-3F54-8A88-9D38C6130A7F}.Debug|x64.ActiveCfg = Debug|x64
		{AB6E5A77-0EF2-3F54-8A88-9D38C6130A7F}.Debug|x64.Build.0 = Debug|x64
		{AB6E5A77-0EF2-3F54-8A88-9D38C6130A7F}.Release|x64.ActiveCfg = Release|x64
		{AB6E5A77-0EF2-3F54-8A88-9D38C6130A7F}.Release|x64.Build.0 = Release|x64
		{AB6E5A77-0EF2-3F54-8A88-9D38C6130A7F}.MinSizeRel|x64.ActiveCfg = MinSizeRel|x64
		{AB6E5A77-0EF2-3F54-8A88-9D38C6130A7F}.MinSizeRel|x64.Build.0 = MinSizeRel|x64
		{AB6E5A77-0EF2-3F54-8A88-9D38C6130A7F}.RelWithDebInfo|x64.ActiveCfg = RelWithDebInfo|x64
		{AB6E5A77-0EF2-3F54-8A88-9D38C6130A7F}.RelWithDebInfo|x64.Build.0 = RelWithDebInfo|x64
		{0DB3063F-9A61-3764-A96F-42DF6FCF9DFD}.Debug|x64.ActiveCfg = Debug|x64
		{0DB3063F-9A61-3764-A96F-42DF6FCF9DFD}.Debug|x64.Build.0 = Debug|x64
		{0DB3063F-9A61-3764-A96F-42DF6FCF9DFD}.Release|x64.ActiveCfg = Release|x64
		{0DB3063F-9A61-3764-A96F-42DF6FCF9DFD}.Release|x64.Build.0 = Release|x64
		{0DB3063F-9A61-3764-A96F-42DF6FCF9DFD}.MinSizeRel|x64.ActiveCfg = MinSizeRel|x64
		{0DB3063F-9A61-3764-A96F-42DF6FCF9DFD}.MinSizeRel|x64.Build.0 = MinSizeRel|x64
		{0DB3063F-9A61-3764-A96F-42DF6FCF9DFD}.RelWithDebInfo|x64.ActiveCfg = RelWithDebInfo|x64
		{0DB3063F-9A61-3764-A96F-42DF6FCF9DFD}.RelWithDebInfo|x64.Build.0 = RelWithDebInfo|x64
		{514C7894-71B5-352E-B227-97AA2275AD6B}.Debug|x64.ActiveCfg = Debug|x64
		{514C7894-71B5-352E-B227-97AA2275AD6B}.Debug|x64.Build.0 = Debug|x64
		{514C7894-71B5-352E-B227-97AA2275AD6B}.Release|x64.ActiveCfg = Release|x64
		{514C7894-71B5-352E-B227-97AA2275AD6B}.Release|x64.Build.0 = Release|x64
		{514C7894-71B5-352E-B227-97AA2275AD6B}.MinSizeRel|x64.ActiveCfg = MinSizeRel|x64
		{514C7894-71B5-352E-B227-97AA2275AD6B}.MinSizeRel|x64.Build.0 = MinSizeRel|x64
		{514C7894-71B5-352E-B227-97AA2275AD6B}.RelWithDebInfo|x64.ActiveCfg = RelWithDebInfo|x64
		{514C7894-71B5-352E-B227-97AA2275AD6B}.RelWithDebInfo|x64.Build.0 = RelWithDebInfo|x64
		{3F211CCA-CE59-355B-AB87-344297ACFFDB}.Debug|x64.ActiveCfg = Debug|x64
		{3F211CCA-CE59-355B-AB87-344297ACFFDB}.Debug|x64.Build.0 = Debug|x64
		{3F211CCA-CE59-355B-AB87-344297ACFFDB}.Release|x64.ActiveCfg = Release|x64
		{3F211CCA-CE59-355B-AB87-344297ACFFDB}.Release|x64.Build.0 = Release|x64
		{3F211CCA-CE59-355B-AB87-344297ACFFDB}.MinSizeRel|x64.ActiveCfg = MinSizeRel|x64
		{3F211CCA-CE59-355B-AB87-344297ACFFDB}.MinSizeRel|x64.Build.0 = MinSizeRel|x64
		{3F211CCA-CE59-355B-AB87-344297ACFFDB}.RelWithDebInfo|x64.ActiveCfg = RelWithDebInfo|x64
		{3F211CCA-CE59-355B-AB87-344297ACFFDB}.RelWithDebInfo|x64.Build.0 = RelWithDebInfo|x64
		{64374691-4383-3380-B79F-67CB97059C0A}.Debug|x64.ActiveCfg = Debug|x64
		{64374691-4383-3380-B79F-67CB97059C0A}.Debug|x64.Build.0 = Debug|x64
		{64374691-4383-3380-B79F-67CB97059C0A}.Release|x64.ActiveCfg = Release|x64
		{64374691-4383-3380-B79F-67CB97059C0A}.Release|x64.Build.0 = Release|x64
		{64374691-4383-3380-B79F-67CB97059C0A}.MinSizeRel|x64.ActiveCfg = MinSizeRel|x64
		{64374691-4383-3380-B79F-67CB97059C0A}.MinSizeRel|x64.Build.0 = MinSizeRel|x64
		{64374691-4383-3380-B79F-67CB97059C0A}.RelWithDebInfo|x64.ActiveCfg = RelWithDebInfo|x64
		{64374691-4383-3380-B79F-67CB97059C0A}.RelWithDebInfo|x64.Build.0 = RelWithDebInfo|x64
		{F2B87DB7-0A56-3EC6-8B06-B18C4E359FE8}.Debug|x64.ActiveCfg = Debug|x64
		{F2B87DB7-0A56-3EC6-8B06-B18C4E359FE8}.Debug|x64.Build.0 = Debug|x64
		{F2B87DB7-0A56-3EC6-8B06-B18C4E359FE8}.Release|x64.ActiveCfg = Release|x64
		{F2B87DB7-0A56-3EC6-8B06-B18C4E359FE8}.Release|x64.Build.0 = Release|x64
		{F2B87DB7-0A56-3EC6-8B06-B18C4E359FE8}.MinSizeRel|x64.ActiveCfg = MinSizeRel|x64
		{F2B87DB7-0A56-3EC6-8B06-B18C4E359FE8}.MinSizeRel|x64.Build.0 = MinSizeRel|x64
		{F2B87DB7-0A56-3EC6-8B06-B18C4E359FE8}.RelWithDebInfo|x64.ActiveCfg = RelWithDebInfo|x64
		{F2B87DB7-0A56-3EC6-8B06-B18C4E359FE8}.RelWithDebInfo|x64.Build.0 = RelWithDebInfo|x64
		{452FC2C6-A939-3069-9F9F-9FA460BB7229}.Debug|x64.ActiveCfg = Debug|x64
		{452FC2C6-A939-3069-9F9F-9FA460BB7229}.Debug|x64.Build.0 = Debug|x64
		{452FC2C6-A939-3069-9F9F-9FA460BB7229}.Release|x64.ActiveCfg = Release|x64
		{452FC2C6-A939-3069-9F9F-9FA460BB7229}.Release|x64.Build.0 = Release|x64
		{452FC2C6-A939-3069-9F9F-9FA460BB7229}.MinSizeRel|x64.ActiveCfg = MinSizeRel|x64
		{452FC2C6-A939-3069-9F9F-9FA460BB7229}.MinSizeRel|x64.Build.0 = MinSizeRel|x64
		{452FC2C6-A939-3069-9F9F-9FA460BB7229}.RelWithDebInfo|x64.ActiveCfg = RelWithDebInfo|x64
		{452FC2C6-A939-3069-9F9F-9FA460BB7229}.RelWithDebInfo|x64.Build.0 = RelWithDebInfo|x64
		{454FAEA3-EAA8-35F1-9DE4-B86D4404B53C}.Debug|x64.ActiveCfg = Debug|x64
		{454FAEA3-EAA8-35F1-9DE4-B86D4404B53C}.Debug|x64.Build.0 = Debug|x64
		{454FAEA3-EAA8-35F1-9DE4-B86D4404B53C}.Release|x64.ActiveCfg = Release|x64
		{454FAEA3-EAA8-35F1-9DE4-B86D4404B53C}.Release|x64.Build.0 = Release|x64
		{454FAEA3-EAA8-35F1-9DE4-B86D4404B53C}.MinSizeRel|x64.ActiveCfg = MinSizeRel|x64
		{454FAEA3-EAA8-35F1-9DE4-B86D4404B53C}.MinSizeRel|x64.Build.0 = MinSizeRel|x64
		{454FAEA3-EAA8-35F1-9DE4-B86D4404B53C}.RelWithDebInfo|x64.ActiveCfg = RelWithDebInfo|x64
		{454FAEA3-EAA8-35F1-9DE4-B86D4404B53C}.RelWithDebInfo|x64.Build.0 = RelWithDebInfo|x64
		{39AA4899-2835-35E7-8DBB-5A441DE1A767}.Debug|x64.ActiveCfg = Debug|x64
		{39AA4899-2835-35E7-8DBB-5A441DE1A767}.Debug|x64.Build.0 = Debug|x64
		{39AA4899-2835-35E7-8DBB-5A441DE1A767}.Release|x64.ActiveCfg = Release|x64
		{39AA4899-2835-35E7-8DBB-5A441DE1A767}.Release|x64.Build.0 = Release|x64
		{39AA4899-2835-35E7-8DBB-5A441DE1A767}.MinSizeRel|x64.ActiveCfg = MinSizeRel|x64
		{39AA4899-2835-35E7-8DBB-5A441DE1A767}.MinSizeRel|x64.Build.0 = MinSizeRel|x64
		{39AA4899-2835-35E7-8DBB-5A441DE1A767}.RelWithDebInfo|x64.ActiveCfg = RelWithDebInfo|x64
		{39AA4899-2835-35E7-8DBB-5A441DE1A767}.RelWithDebInfo|x64.Build.0 = RelWithDebInfo|x64
		{54D48366-3C18-32B7-A9BF-88112B82CCB7}.Debug|x64.ActiveCfg = Debug|x64
		{54D48366-3C18-32B7-A9BF-88112B82CCB7}.Debug|x64.Build.0 = Debug|x64
		{54D48366-3C18-32B7-A9BF-88112B82CCB7}.Release|x64.ActiveCfg = Release|x64
		{54D48366-3C18-32B7-A9BF-88112B82CCB7}.Release|x64.Build.0 = Release|x64
		{54D48366-3C18-32B7-A9BF-88112B82CCB7}.MinSizeRel|x64.ActiveCfg = MinSizeRel|x64
		{54D48366-3C18-32B7-A9BF-88112B82CCB7}.MinSizeRel|x64.Build.0 = MinSizeRel|x64
		{54D48366-3C18-32B7-A9BF-88112B82CCB7}.RelWithDebInfo|x64.ActiveCfg = RelWithDebInfo|x64
		{54D48366-3C18-32B7-A9BF-88112B82CCB7}.RelWithDebInfo|x64.Build.0 = RelWithDebInfo|x64
		{3C8E8877-1BCE-313F-9C29-4E7739C0FB24}.Debug|x64.ActiveCfg = Debug|x64
		{3C8E8877-1BCE-313F-9C29-4E7739C0FB24}.Debug|x64.Build.0 = Debug|x64
		{3C8E8877-1BCE-313F-9C29-4E7739C0FB24}.Release|x64.ActiveCfg = Release|x64
		{3C8E8877-1BCE-313F-9C29-4E7739C0FB24}.Release|x64.Build.0 = Release|x64
		{3C8E8877-1BCE-313F-9C29-4E7739C0FB24}.MinSizeRel|x64.ActiveCfg = MinSizeRel|x64
		{3C8E8877-1BCE-313F-9C29-4E7739C0FB24}.MinSizeRel|x64.Build.0 = MinSizeRel|x64
		{3C8E8877-1BCE-313F-9C29-4E7739C0FB24}.RelWithDebInfo|x64.ActiveCfg = RelWithDebInfo|x64
		{3C8E8877-1BCE-313F-9C29-4E7739C0FB24}.RelWithDebInfo|x64.Build.0 = RelWithDebInfo|x64
	EndGlobalSection
	GlobalSection(ExtensibilityGlobals) = postSolution
		SolutionGuid = {6D81928D-166C-327B-91D3-09F3CA75FE18}
	EndGlobalSection
	GlobalSection(ExtensibilityAddIns) = postSolution
	EndGlobalSection
EndGlobal
