<?xml version="1.0" encoding="utf-8"?>
<Project ToolsVersion="17.0" xmlns="http://schemas.microsoft.com/developer/msbuild/2003">
  <ItemGroup>
    <ClCompile Include="C:\Users\i-tem\Documents\dev\xreal-spatial-display\src\capture\DesktopCaptureBridge.cpp">
      <Filter>Source Files</Filter>
    </ClCompile>
    <ClCompile Include="C:\Users\i-tem\Documents\dev\xreal-spatial-display\src\capture\DesktopCaptureDiagnostics.cpp">
      <Filter>Source Files</Filter>
    </ClCompile>
    <ClCompile Include="C:\Users\i-tem\Documents\dev\xreal-spatial-display\src\capture\DesktopCaptureFrame.cpp">
      <Filter>Source Files</Filter>
    </ClCompile>
    <ClCompile Include="C:\Users\i-tem\Documents\dev\xreal-spatial-display\src\capture\DesktopCaptureManager.cpp">
      <Filter>Source Files</Filter>
    </ClCompile>
    <ClCompile Include="C:\Users\i-tem\Documents\dev\xreal-spatial-display\src\capture\DesktopCaptureManagerFrameSource.cpp">
      <Filter>Source Files</Filter>
    </ClCompile>
    <ClCompile Include="C:\Users\i-tem\Documents\dev\xreal-spatial-display\src\capture\DesktopCaptureOptions.cpp">
      <Filter>Source Files</Filter>
    </ClCompile>
    <ClCompile Include="C:\Users\i-tem\Documents\dev\xreal-spatial-display\src\capture\DesktopCaptureScaler.cpp">
      <Filter>Source Files</Filter>
    </ClCompile>
    <ClCompile Include="C:\Users\i-tem\Documents\dev\xreal-spatial-display\src\capture\DesktopCaptureScaling.cpp">
      <Filter>Source Files</Filter>
    </ClCompile>
    <ClCompile Include="C:\Users\i-tem\Documents\dev\xreal-spatial-display\src\capture\DesktopSyntheticCapture.cpp">
      <Filter>Source Files</Filter>
    </ClCompile>
    <ClCompile Include="C:\Users\i-tem\Documents\dev\xreal-spatial-display\src\capture\DesktopCaptureStatistics.cpp">
      <Filter>Source Files</Filter>
    </ClCompile>
    <ClCompile Include="C:\Users\i-tem\Documents\dev\xreal-spatial-display\src\capture\DesktopDuplicationCapture.cpp">
      <Filter>Source Files</Filter>
    </ClCompile>
    <ClCompile Include="C:\Users\i-tem\Documents\dev\xreal-spatial-display\src\capture\DesktopCpuFrame.cpp">
      <Filter>Source Files</Filter>
    </ClCompile>
    <ClCompile Include="C:\Users\i-tem\Documents\dev\xreal-spatial-display\src\capture\DesktopFrameRetention.cpp">
      <Filter>Source Files</Filter>
    </ClCompile>
    <ClCompile Include="C:\Users\i-tem\Documents\dev\xreal-spatial-display\src\capture\DesktopRenderStages.cpp">
      <Filter>Source Files</Filter>
    </ClCompile>
    <ClCompile Include="C:\Users\i-tem\Documents\dev\xreal-spatial-display\src\capture\DesktopTextureLayout.cpp">
      <Filter>Source Files</Filter>
    </ClCompile>
  </ItemGroup>
  <ItemGroup>
    <CustomBuild Include="C:\Users\i-tem\Documents\dev\xreal-spatial-display\CMakeLists.txt" />
  </ItemGroup>
  <ItemGroup>
    <Filter Include="Source Files">
      <UniqueIdentifier>{E36AC8AD-F528-3A95-A5B2-676DB236B02A}</UniqueIdentifier>
    </Filter>
  </ItemGroup>
</Project>
