<?xml version="1.0" encoding="utf-8"?>
<Project ToolsVersion="17.0" xmlns="http://schemas.microsoft.com/developer/msbuild/2003">
  <ItemGroup>
    <ClCompile Include="C:\Users\i-tem\Documents\dev\xreal-spatial-display\src\main.cpp">
      <Filter>Source Files</Filter>
    </ClCompile>
  </ItemGroup>
  <ItemGroup>
    <CustomBuild Include="C:\Users\i-tem\Documents\dev\xreal-spatial-display\CMakeLists.txt" />
  </ItemGroup>
  <ItemGroup>
    <Filter Include="Source Files">
      <UniqueIdentifier>{E36AC8AD-F528-3A95-A5B2-676DB236B02A}</UniqueIdentifier>
    </Filter>
  </ItemGroup>
</Project>
